// !$*UTF8*$!
{
	archiveVersion = 1;
	classes = {
	};
	objectVersion = 56;
	objects = {

/* Begin PBXBuildFile section */
		DC501F222A1F5DEF004AD49D /* paytrail_ios_sdk.docc in Sources */ = {isa = PBXBuildFile; fileRef = DC501F212A1F5DEF004AD49D /* paytrail_ios_sdk.docc */; };
		DC501F282A1F5DEF004AD49D /* paytrail_ios_sdk.framework in Frameworks */ = {isa = PBXBuildFile; fileRef = DC501F1D2A1F5DEF004AD49D /* paytrail_ios_sdk.framework */; };
		DC501F2D2A1F5DEF004AD49D /* paytrail_ios_sdkTests.swift in Sources */ = {isa = PBXBuildFile; fileRef = DC501F2C2A1F5DEF004AD49D /* paytrail_ios_sdkTests.swift */; };
		DC501F2E2A1F5DEF004AD49D /* paytrail_ios_sdk.h in Headers */ = {isa = PBXBuildFile; fileRef = DC501F202A1F5DEF004AD49D /* paytrail_ios_sdk.h */; settings = {ATTRIBUTES = (Public, ); }; };
		DC501F392A1FA2DF004AD49D /* NetworkMethods.swift in Sources */ = {isa = PBXBuildFile; fileRef = DC501F382A1FA2DF004AD49D /* NetworkMethods.swift */; };
		DC501F3A2A1FA2DF004AD49D /* NetworkMethods.swift in Sources */ = {isa = PBXBuildFile; fileRef = DC501F382A1FA2DF004AD49D /* NetworkMethods.swift */; };
		DC501F3C2A1FA3C1004AD49D /* NetworkService.swift in Sources */ = {isa = PBXBuildFile; fileRef = DC501F3B2A1FA3C1004AD49D /* NetworkService.swift */; };
		DC501F3D2A1FA3C1004AD49D /* NetworkService.swift in Sources */ = {isa = PBXBuildFile; fileRef = DC501F3B2A1FA3C1004AD49D /* NetworkService.swift */; };
		DC501F402A20B5C4004AD49D /* Test.swift in Sources */ = {isa = PBXBuildFile; fileRef = DC501F3F2A20B5C4004AD49D /* Test.swift */; };
		DC501F412A20B5C4004AD49D /* Test.swift in Sources */ = {isa = PBXBuildFile; fileRef = DC501F3F2A20B5C4004AD49D /* Test.swift */; };
/* End PBXBuildFile section */

/* Begin PBXContainerItemProxy section */
		DC501F292A1F5DEF004AD49D /* PBXContainerItemProxy */ = {
			isa = PBXContainerItemProxy;
			containerPortal = DC501F142A1F5DEF004AD49D /* Project object */;
			proxyType = 1;
			remoteGlobalIDString = DC501F1C2A1F5DEF004AD49D;
			remoteInfo = "paytrail-ios-sdk";
		};
/* End PBXContainerItemProxy section */

/* Begin PBXFileReference section */
		DC501F1D2A1F5DEF004AD49D /* paytrail_ios_sdk.framework */ = {isa = PBXFileReference; explicitFileType = wrapper.framework; includeInIndex = 0; path = paytrail_ios_sdk.framework; sourceTree = BUILT_PRODUCTS_DIR; };
		DC501F202A1F5DEF004AD49D /* paytrail_ios_sdk.h */ = {isa = PBXFileReference; lastKnownFileType = sourcecode.c.h; path = paytrail_ios_sdk.h; sourceTree = "<group>"; };
		DC501F212A1F5DEF004AD49D /* paytrail_ios_sdk.docc */ = {isa = PBXFileReference; lastKnownFileType = folder.documentationcatalog; path = paytrail_ios_sdk.docc; sourceTree = "<group>"; };
		DC501F272A1F5DEF004AD49D /* paytrail-ios-sdkTests.xctest */ = {isa = PBXFileReference; explicitFileType = wrapper.cfbundle; includeInIndex = 0; path = "paytrail-ios-sdkTests.xctest"; sourceTree = BUILT_PRODUCTS_DIR; };
		DC501F2C2A1F5DEF004AD49D /* paytrail_ios_sdkTests.swift */ = {isa = PBXFileReference; lastKnownFileType = sourcecode.swift; path = paytrail_ios_sdkTests.swift; sourceTree = "<group>"; };
		DC501F382A1FA2DF004AD49D /* NetworkMethods.swift */ = {isa = PBXFileReference; lastKnownFileType = sourcecode.swift; path = NetworkMethods.swift; sourceTree = "<group>"; };
		DC501F3B2A1FA3C1004AD49D /* NetworkService.swift */ = {isa = PBXFileReference; lastKnownFileType = sourcecode.swift; path = NetworkService.swift; sourceTree = "<group>"; };
		DC501F3F2A20B5C4004AD49D /* Test.swift */ = {isa = PBXFileReference; lastKnownFileType = sourcecode.swift; path = Test.swift; sourceTree = "<group>"; };
/* End PBXFileReference section */

/* Begin PBXFrameworksBuildPhase section */
		DC501F1A2A1F5DEF004AD49D /* Frameworks */ = {
			isa = PBXFrameworksBuildPhase;
			buildActionMask = 2147483647;
			files = (
			);
			runOnlyForDeploymentPostprocessing = 0;
		};
		DC501F242A1F5DEF004AD49D /* Frameworks */ = {
			isa = PBXFrameworksBuildPhase;
			buildActionMask = 2147483647;
			files = (
				DC501F282A1F5DEF004AD49D /* paytrail_ios_sdk.framework in Frameworks */,
			);
			runOnlyForDeploymentPostprocessing = 0;
		};
/* End PBXFrameworksBuildPhase section */

/* Begin PBXGroup section */
		DC501F132A1F5DEF004AD49D = {
			isa = PBXGroup;
			children = (
				DC501F1F2A1F5DEF004AD49D /* paytrail-ios-sdk */,
				DC501F2B2A1F5DEF004AD49D /* paytrail-ios-sdkTests */,
				DC501F1E2A1F5DEF004AD49D /* Products */,
			);
			sourceTree = "<group>";
		};
		DC501F1E2A1F5DEF004AD49D /* Products */ = {
			isa = PBXGroup;
			children = (
				DC501F1D2A1F5DEF004AD49D /* paytrail_ios_sdk.framework */,
				DC501F272A1F5DEF004AD49D /* paytrail-ios-sdkTests.xctest */,
			);
			name = Products;
			sourceTree = "<group>";
		};
		DC501F1F2A1F5DEF004AD49D /* paytrail-ios-sdk */ = {
			isa = PBXGroup;
			children = (
				DC501F372A1FA152004AD49D /* Networking */,
				DC501F3E2A20AB54004AD49D /* PaytrailAPIs */,
				DC501F202A1F5DEF004AD49D /* paytrail_ios_sdk.h */,
				DC501F212A1F5DEF004AD49D /* paytrail_ios_sdk.docc */,
			);
			path = "paytrail-ios-sdk";
			sourceTree = "<group>";
		};
		DC501F2B2A1F5DEF004AD49D /* paytrail-ios-sdkTests */ = {
			isa = PBXGroup;
			children = (
				DC501F2C2A1F5DEF004AD49D /* paytrail_ios_sdkTests.swift */,
			);
			path = "paytrail-ios-sdkTests";
			sourceTree = "<group>";
		};
		DC501F372A1FA152004AD49D /* Networking */ = {
			isa = PBXGroup;
			children = (
				DC501F382A1FA2DF004AD49D /* NetworkMethods.swift */,
				DC501F3B2A1FA3C1004AD49D /* NetworkService.swift */,
			);
			path = Networking;
			sourceTree = "<group>";
		};
		DC501F3E2A20AB54004AD49D /* PaytrailAPIs */ = {
			isa = PBXGroup;
			children = (
				DC501F3F2A20B5C4004AD49D /* Test.swift */,
			);
			path = PaytrailAPIs;
			sourceTree = "<group>";
		};
/* End PBXGroup section */

/* Begin PBXHeadersBuildPhase section */
		DC501F182A1F5DEF004AD49D /* Headers */ = {
			isa = PBXHeadersBuildPhase;
			buildActionMask = 2147483647;
			files = (
				DC501F2E2A1F5DEF004AD49D /* paytrail_ios_sdk.h in Headers */,
			);
			runOnlyForDeploymentPostprocessing = 0;
		};
/* End PBXHeadersBuildPhase section */

/* Begin PBXNativeTarget section */
		DC501F1C2A1F5DEF004AD49D /* paytrail-ios-sdk */ = {
			isa = PBXNativeTarget;
			buildConfigurationList = DC501F312A1F5DEF004AD49D /* Build configuration list for PBXNativeTarget "paytrail-ios-sdk" */;
			buildPhases = (
				DC501F182A1F5DEF004AD49D /* Headers */,
				DC501F192A1F5DEF004AD49D /* Sources */,
				DC501F1A2A1F5DEF004AD49D /* Frameworks */,
				DC501F1B2A1F5DEF004AD49D /* Resources */,
			);
			buildRules = (
			);
			dependencies = (
			);
			name = "paytrail-ios-sdk";
			productName = "paytrail-ios-sdk";
			productReference = DC501F1D2A1F5DEF004AD49D /* paytrail_ios_sdk.framework */;
			productType = "com.apple.product-type.framework";
		};
		DC501F262A1F5DEF004AD49D /* paytrail-ios-sdkTests */ = {
			isa = PBXNativeTarget;
			buildConfigurationList = DC501F342A1F5DEF004AD49D /* Build configuration list for PBXNativeTarget "paytrail-ios-sdkTests" */;
			buildPhases = (
				DC501F232A1F5DEF004AD49D /* Sources */,
				DC501F242A1F5DEF004AD49D /* Frameworks */,
				DC501F252A1F5DEF004AD49D /* Resources */,
			);
			buildRules = (
			);
			dependencies = (
				DC501F2A2A1F5DEF004AD49D /* PBXTargetDependency */,
			);
			name = "paytrail-ios-sdkTests";
			productName = "paytrail-ios-sdkTests";
			productReference = DC501F272A1F5DEF004AD49D /* paytrail-ios-sdkTests.xctest */;
			productType = "com.apple.product-type.bundle.unit-test";
		};
/* End PBXNativeTarget section */

/* Begin PBXProject section */
		DC501F142A1F5DEF004AD49D /* Project object */ = {
			isa = PBXProject;
			attributes = {
				BuildIndependentTargetsInParallel = 1;
				LastSwiftUpdateCheck = 1420;
				LastUpgradeCheck = 1420;
				TargetAttributes = {
					DC501F1C2A1F5DEF004AD49D = {
						CreatedOnToolsVersion = 14.2;
					};
					DC501F262A1F5DEF004AD49D = {
						CreatedOnToolsVersion = 14.2;
					};
				};
			};
			buildConfigurationList = DC501F172A1F5DEF004AD49D /* Build configuration list for PBXProject "paytrail-ios-sdk" */;
			compatibilityVersion = "Xcode 14.0";
			developmentRegion = en;
			hasScannedForEncodings = 0;
			knownRegions = (
				en,
				Base,
			);
			mainGroup = DC501F132A1F5DEF004AD49D;
			productRefGroup = DC501F1E2A1F5DEF004AD49D /* Products */;
			projectDirPath = "";
			projectRoot = "";
			targets = (
				DC501F1C2A1F5DEF004AD49D /* paytrail-ios-sdk */,
				DC501F262A1F5DEF004AD49D /* paytrail-ios-sdkTests */,
			);
		};
/* End PBXProject section */

/* Begin PBXResourcesBuildPhase section */
		DC501F1B2A1F5DEF004AD49D /* Resources */ = {
			isa = PBXResourcesBuildPhase;
			buildActionMask = 2147483647;
			files = (
			);
			runOnlyForDeploymentPostprocessing = 0;
		};
		DC501F252A1F5DEF004AD49D /* Resources */ = {
			isa = PBXResourcesBuildPhase;
			buildActionMask = 2147483647;
			files = (
			);
			runOnlyForDeploymentPostprocessing = 0;
		};
/* End PBXResourcesBuildPhase section */

/* Begin PBXSourcesBuildPhase section */
		DC501F192A1F5DEF004AD49D /* Sources */ = {
			isa = PBXSourcesBuildPhase;
			buildActionMask = 2147483647;
			files = (
				DC501F222A1F5DEF004AD49D /* paytrail_ios_sdk.docc in Sources */,
				DC501F402A20B5C4004AD49D /* Test.swift in Sources */,
				DC501F3C2A1FA3C1004AD49D /* NetworkService.swift in Sources */,
				DC501F392A1FA2DF004AD49D /* NetworkMethods.swift in Sources */,
			);
			runOnlyForDeploymentPostprocessing = 0;
		};
		DC501F232A1F5DEF004AD49D /* Sources */ = {
			isa = PBXSourcesBuildPhase;
			buildActionMask = 2147483647;
			files = (
				DC501F2D2A1F5DEF004AD49D /* paytrail_ios_sdkTests.swift in Sources */,
				DC501F412A20B5C4004AD49D /* Test.swift in Sources */,
				DC501F3D2A1FA3C1004AD49D /* NetworkService.swift in Sources */,
				DC501F3A2A1FA2DF004AD49D /* NetworkMethods.swift in Sources */,
			);
			runOnlyForDeploymentPostprocessing = 0;
		};
/* End PBXSourcesBuildPhase section */

/* Begin PBXTargetDependency section */
		DC501F2A2A1F5DEF004AD49D /* PBXTargetDependency */ = {
			isa = PBXTargetDependency;
			target = DC501F1C2A1F5DEF004AD49D /* paytrail-ios-sdk */;
			targetProxy = DC501F292A1F5DEF004AD49D /* PBXContainerItemProxy */;
		};
/* End PBXTargetDependency section */

/* Begin XCBuildConfiguration section */
		DC501F2F2A1F5DEF004AD49D /* Debug */ = {
			isa = XCBuildConfiguration;
			buildSettings = {
				ALWAYS_SEARCH_USER_PATHS = NO;
				CLANG_ANALYZER_NONNULL = YES;
				CLANG_ANALYZER_NUMBER_OBJECT_CONVERSION = YES_AGGRESSIVE;
				CLANG_CXX_LANGUAGE_STANDARD = "gnu++20";
				CLANG_ENABLE_MODULES = YES;
				CLANG_ENABLE_OBJC_ARC = YES;
				CLANG_ENABLE_OBJC_WEAK = YES;
				CLANG_WARN_BLOCK_CAPTURE_AUTORELEASING = YES;
				CLANG_WARN_BOOL_CONVERSION = YES;
				CLANG_WARN_COMMA = YES;
				CLANG_WARN_CONSTANT_CONVERSION = YES;
				CLANG_WARN_DEPRECATED_OBJC_IMPLEMENTATIONS = YES;
				CLANG_WARN_DIRECT_OBJC_ISA_USAGE = YES_ERROR;
				CLANG_WARN_DOCUMENTATION_COMMENTS = YES;
				CLANG_WARN_EMPTY_BODY = YES;
				CLANG_WARN_ENUM_CONVERSION = YES;
				CLANG_WARN_INFINITE_RECURSION = YES;
				CLANG_WARN_INT_CONVERSION = YES;
				CLANG_WARN_NON_LITERAL_NULL_CONVERSION = YES;
				CLANG_WARN_OBJC_IMPLICIT_RETAIN_SELF = YES;
				CLANG_WARN_OBJC_LITERAL_CONVERSION = YES;
				CLANG_WARN_OBJC_ROOT_CLASS = YES_ERROR;
				CLANG_WARN_QUOTED_INCLUDE_IN_FRAMEWORK_HEADER = YES;
				CLANG_WARN_RANGE_LOOP_ANALYSIS = YES;
				CLANG_WARN_STRICT_PROTOTYPES = YES;
				CLANG_WARN_SUSPICIOUS_MOVE = YES;
				CLANG_WARN_UNGUARDED_AVAILABILITY = YES_AGGRESSIVE;
				CLANG_WARN_UNREACHABLE_CODE = YES;
				CLANG_WARN__DUPLICATE_METHOD_MATCH = YES;
				COPY_PHASE_STRIP = NO;
				CURRENT_PROJECT_VERSION = 1;
				DEBUG_INFORMATION_FORMAT = dwarf;
				ENABLE_STRICT_OBJC_MSGSEND = YES;
				ENABLE_TESTABILITY = YES;
				GCC_C_LANGUAGE_STANDARD = gnu11;
				GCC_DYNAMIC_NO_PIC = NO;
				GCC_NO_COMMON_BLOCKS = YES;
				GCC_OPTIMIZATION_LEVEL = 0;
				GCC_PREPROCESSOR_DEFINITIONS = (
					"DEBUG=1",
					"$(inherited)",
				);
				GCC_WARN_64_TO_32_BIT_CONVERSION = YES;
				GCC_WARN_ABOUT_RETURN_TYPE = YES_ERROR;
				GCC_WARN_UNDECLARED_SELECTOR = YES;
				GCC_WARN_UNINITIALIZED_AUTOS = YES_AGGRESSIVE;
				GCC_WARN_UNUSED_FUNCTION = YES;
				GCC_WARN_UNUSED_VARIABLE = YES;
				IPHONEOS_DEPLOYMENT_TARGET = 16.2;
				MTL_ENABLE_DEBUG_INFO = INCLUDE_SOURCE;
				MTL_FAST_MATH = YES;
				ONLY_ACTIVE_ARCH = YES;
				SDKROOT = iphoneos;
				SWIFT_ACTIVE_COMPILATION_CONDITIONS = DEBUG;
				SWIFT_OPTIMIZATION_LEVEL = "-Onone";
				VERSIONING_SYSTEM = "apple-generic";
				VERSION_INFO_PREFIX = "";
			};
			name = Debug;
		};
		DC501F302A1F5DEF004AD49D /* Release */ = {
			isa = XCBuildConfiguration;
			buildSettings = {
				ALWAYS_SEARCH_USER_PATHS = NO;
				CLANG_ANALYZER_NONNULL = YES;
				CLANG_ANALYZER_NUMBER_OBJECT_CONVERSION = YES_AGGRESSIVE;
				CLANG_CXX_LANGUAGE_STANDARD = "gnu++20";
				CLANG_ENABLE_MODULES = YES;
				CLANG_ENABLE_OBJC_ARC = YES;
				CLANG_ENABLE_OBJC_WEAK = YES;
				CLANG_WARN_BLOCK_CAPTURE_AUTORELEASING = YES;
				CLANG_WARN_BOOL_CONVERSION = YES;
				CLANG_WARN_COMMA = YES;
				CLANG_WARN_CONSTANT_CONVERSION = YES;
				CLANG_WARN_DEPRECATED_OBJC_IMPLEMENTATIONS = YES;
				CLANG_WARN_DIRECT_OBJC_ISA_USAGE = YES_ERROR;
				CLANG_WARN_DOCUMENTATION_COMMENTS = YES;
				CLANG_WARN_EMPTY_BODY = YES;
				CLANG_WARN_ENUM_CONVERSION = YES;
				CLANG_WARN_INFINITE_RECURSION = YES;
				CLANG_WARN_INT_CONVERSION = YES;
				CLANG_WARN_NON_LITERAL_NULL_CONVERSION = YES;
				CLANG_WARN_OBJC_IMPLICIT_RETAIN_SELF = YES;
				CLANG_WARN_OBJC_LITERAL_CONVERSION = YES;
				CLANG_WARN_OBJC_ROOT_CLASS = YES_ERROR;
				CLANG_WARN_QUOTED_INCLUDE_IN_FRAMEWORK_HEADER = YES;
				CLANG_WARN_RANGE_LOOP_ANALYSIS = YES;
				CLANG_WARN_STRICT_PROTOTYPES = YES;
				CLANG_WARN_SUSPICIOUS_MOVE = YES;
				CLANG_WARN_UNGUARDED_AVAILABILITY = YES_AGGRESSIVE;
				CLANG_WARN_UNREACHABLE_CODE = YES;
				CLANG_WARN__DUPLICATE_METHOD_MATCH = YES;
				COPY_PHASE_STRIP = NO;
				CURRENT_PROJECT_VERSION = 1;
				DEBUG_INFORMATION_FORMAT = "dwarf-with-dsym";
				ENABLE_NS_ASSERTIONS = NO;
				ENABLE_STRICT_OBJC_MSGSEND = YES;
				GCC_C_LANGUAGE_STANDARD = gnu11;
				GCC_NO_COMMON_BLOCKS = YES;
				GCC_WARN_64_TO_32_BIT_CONVERSION = YES;
				GCC_WARN_ABOUT_RETURN_TYPE = YES_ERROR;
				GCC_WARN_UNDECLARED_SELECTOR = YES;
				GCC_WARN_UNINITIALIZED_AUTOS = YES_AGGRESSIVE;
				GCC_WARN_UNUSED_FUNCTION = YES;
				GCC_WARN_UNUSED_VARIABLE = YES;
				IPHONEOS_DEPLOYMENT_TARGET = 16.2;
				MTL_ENABLE_DEBUG_INFO = NO;
				MTL_FAST_MATH = YES;
				SDKROOT = iphoneos;
				SWIFT_COMPILATION_MODE = wholemodule;
				SWIFT_OPTIMIZATION_LEVEL = "-O";
				VALIDATE_PRODUCT = YES;
				VERSIONING_SYSTEM = "apple-generic";
				VERSION_INFO_PREFIX = "";
			};
			name = Release;
		};
		DC501F322A1F5DEF004AD49D /* Debug */ = {
			isa = XCBuildConfiguration;
			buildSettings = {
				CODE_SIGN_STYLE = Automatic;
				CURRENT_PROJECT_VERSION = 1;
				DEFINES_MODULE = YES;
				DEVELOPMENT_TEAM = 2RLYKMD3U8;
				DYLIB_COMPATIBILITY_VERSION = 1;
				DYLIB_CURRENT_VERSION = 1;
				DYLIB_INSTALL_NAME_BASE = "@rpath";
				GENERATE_INFOPLIST_FILE = YES;
				INFOPLIST_KEY_NSHumanReadableCopyright = "";
				INSTALL_PATH = "$(LOCAL_LIBRARY_DIR)/Frameworks";
				LD_RUNPATH_SEARCH_PATHS = (
					"$(inherited)",
					"@executable_path/Frameworks",
					"@loader_path/Frameworks",
				);
				MARKETING_VERSION = 1.0;
				PRODUCT_BUNDLE_IDENTIFIER = "qvik.paytrail-ios-sdk";
				PRODUCT_NAME = "$(TARGET_NAME:c99extidentifier)";
				SKIP_INSTALL = YES;
				SUPPORTED_PLATFORMS = "iphoneos iphonesimulator";
				SUPPORTS_MACCATALYST = NO;
				SUPPORTS_MAC_DESIGNED_FOR_IPHONE_IPAD = NO;
				SWIFT_EMIT_LOC_STRINGS = YES;
				SWIFT_VERSION = 5.0;
				TARGETED_DEVICE_FAMILY = "1,2";
			};
			name = Debug;
		};
		DC501F332A1F5DEF004AD49D /* Release */ = {
			isa = XCBuildConfiguration;
			buildSettings = {
				CODE_SIGN_STYLE = Automatic;
				CURRENT_PROJECT_VERSION = 1;
				DEFINES_MODULE = YES;
				DEVELOPMENT_TEAM = 2RLYKMD3U8;
				DYLIB_COMPATIBILITY_VERSION = 1;
				DYLIB_CURRENT_VERSION = 1;
				DYLIB_INSTALL_NAME_BASE = "@rpath";
				GENERATE_INFOPLIST_FILE = YES;
				INFOPLIST_KEY_NSHumanReadableCopyright = "";
				INSTALL_PATH = "$(LOCAL_LIBRARY_DIR)/Frameworks";
				LD_RUNPATH_SEARCH_PATHS = (
					"$(inherited)",
					"@executable_path/Frameworks",
					"@loader_path/Frameworks",
				);
				MARKETING_VERSION = 1.0;
				PRODUCT_BUNDLE_IDENTIFIER = "qvik.paytrail-ios-sdk";
				PRODUCT_NAME = "$(TARGET_NAME:c99extidentifier)";
				SKIP_INSTALL = YES;
				SUPPORTED_PLATFORMS = "iphoneos iphonesimulator";
				SUPPORTS_MACCATALYST = NO;
				SUPPORTS_MAC_DESIGNED_FOR_IPHONE_IPAD = NO;
				SWIFT_EMIT_LOC_STRINGS = YES;
				SWIFT_VERSION = 5.0;
				TARGETED_DEVICE_FAMILY = "1,2";
			};
			name = Release;
		};
		DC501F352A1F5DEF004AD49D /* Debug */ = {
			isa = XCBuildConfiguration;
			buildSettings = {
				ALWAYS_EMBED_SWIFT_STANDARD_LIBRARIES = YES;
				CODE_SIGN_STYLE = Automatic;
				CURRENT_PROJECT_VERSION = 1;
				DEVELOPMENT_TEAM = 2RLYKMD3U8;
				GENERATE_INFOPLIST_FILE = YES;
				MARKETING_VERSION = 1.0;
				PRODUCT_BUNDLE_IDENTIFIER = "qvik.paytrail-ios-sdkTests";
				PRODUCT_NAME = "$(TARGET_NAME)";
				SWIFT_EMIT_LOC_STRINGS = NO;
				SWIFT_VERSION = 5.0;
				TARGETED_DEVICE_FAMILY = "1,2";
			};
			name = Debug;
		};
		DC501F362A1F5DEF004AD49D /* Release */ = {
			isa = XCBuildConfiguration;
			buildSettings = {
				ALWAYS_EMBED_SWIFT_STANDARD_LIBRARIES = YES;
				CODE_SIGN_STYLE = Automatic;
				CURRENT_PROJECT_VERSION = 1;
				DEVELOPMENT_TEAM = 2RLYKMD3U8;
				GENERATE_INFOPLIST_FILE = YES;
				MARKETING_VERSION = 1.0;
				PRODUCT_BUNDLE_IDENTIFIER = "qvik.paytrail-ios-sdkTests";
				PRODUCT_NAME = "$(TARGET_NAME)";
				SWIFT_EMIT_LOC_STRINGS = NO;
				SWIFT_VERSION = 5.0;
				TARGETED_DEVICE_FAMILY = "1,2";
			};
			name = Release;
		};
/* End XCBuildConfiguration section */

/* Begin XCConfigurationList section */
		DC501F172A1F5DEF004AD49D /* Build configuration list for PBXProject "paytrail-ios-sdk" */ = {
			isa = XCConfigurationList;
			buildConfigurations = (
				DC501F2F2A1F5DEF004AD49D /* Debug */,
				DC501F302A1F5DEF004AD49D /* Release */,
			);
			defaultConfigurationIsVisible = 0;
			defaultConfigurationName = Release;
		};
		DC501F312A1F5DEF004AD49D /* Build configuration list for PBXNativeTarget "paytrail-ios-sdk" */ = {
			isa = XCConfigurationList;
			buildConfigurations = (
				DC501F322A1F5DEF004AD49D /* Debug */,
				DC501F332A1F5DEF004AD49D /* Release */,
			);
			defaultConfigurationIsVisible = 0;
			defaultConfigurationName = Release;
		};
		DC501F342A1F5DEF004AD49D /* Build configuration list for PBXNativeTarget "paytrail-ios-sdkTests" */ = {
			isa = XCConfigurationList;
			buildConfigurations = (
				DC501F352A1F5DEF004AD49D /* Debug */,
				DC501F362A1F5DEF004AD49D /* Release */,
			);
			defaultConfigurationIsVisible = 0;
			defaultConfigurationName = Release;
		};
/* End XCConfigurationList section */
	};
	rootObject = DC501F142A1F5DEF004AD49D /* Project object */;
}
