// !$*UTF8*$!
{
	archiveVersion = 1;
	classes = {
	};
	objectVersion = 56;
	objects = {

/* Begin PBXBuildFile section */
		DC3689182A2E1DD800FB2D71 /* PaytrailMerchant.swift in Sources */ = {isa = PBXBuildFile; fileRef = DC3689172A2E1DD800FB2D71 /* PaytrailMerchant.swift */; };
		DC3689192A2E1DD800FB2D71 /* PaytrailMerchant.swift in Sources */ = {isa = PBXBuildFile; fileRef = DC3689172A2E1DD800FB2D71 /* PaytrailMerchant.swift */; };
		DC36891A2A2E1DD800FB2D71 /* PaytrailMerchant.swift in Sources */ = {isa = PBXBuildFile; fileRef = DC3689172A2E1DD800FB2D71 /* PaytrailMerchant.swift */; };
		DC36891C2A31D66700FB2D71 /* PaymentImageDataRequest.swift in Sources */ = {isa = PBXBuildFile; fileRef = DC36891B2A31D66700FB2D71 /* PaymentImageDataRequest.swift */; };
		DC36891D2A31D66700FB2D71 /* PaymentImageDataRequest.swift in Sources */ = {isa = PBXBuildFile; fileRef = DC36891B2A31D66700FB2D71 /* PaymentImageDataRequest.swift */; };
		DC36891E2A31D66700FB2D71 /* PaymentImageDataRequest.swift in Sources */ = {isa = PBXBuildFile; fileRef = DC36891B2A31D66700FB2D71 /* PaymentImageDataRequest.swift */; };
		DC3689222A33312300FB2D71 /* PaymentWebView.swift in Sources */ = {isa = PBXBuildFile; fileRef = DC3689212A33312300FB2D71 /* PaymentWebView.swift */; };
		DC3689242A37266600FB2D71 /* BackButton.swift in Sources */ = {isa = PBXBuildFile; fileRef = DC3689232A37266600FB2D71 /* BackButton.swift */; };
		DC3689262A373D0900FB2D71 /* UrlStringHandler.swift in Sources */ = {isa = PBXBuildFile; fileRef = DC3689252A373D0900FB2D71 /* UrlStringHandler.swift */; };
		DC3689272A373D0900FB2D71 /* UrlStringHandler.swift in Sources */ = {isa = PBXBuildFile; fileRef = DC3689252A373D0900FB2D71 /* UrlStringHandler.swift */; };
		DC3689282A373D0900FB2D71 /* UrlStringHandler.swift in Sources */ = {isa = PBXBuildFile; fileRef = DC3689252A373D0900FB2D71 /* UrlStringHandler.swift */; };
		DC36892A2A37440100FB2D71 /* PaymentStatus.swift in Sources */ = {isa = PBXBuildFile; fileRef = DC3689292A37440100FB2D71 /* PaymentStatus.swift */; };
		DC36892B2A37440100FB2D71 /* PaymentStatus.swift in Sources */ = {isa = PBXBuildFile; fileRef = DC3689292A37440100FB2D71 /* PaymentStatus.swift */; };
		DC36892C2A37440100FB2D71 /* PaymentStatus.swift in Sources */ = {isa = PBXBuildFile; fileRef = DC3689292A37440100FB2D71 /* PaymentStatus.swift */; };
		DC3689302A386BE900FB2D71 /* View+Extension.swift in Sources */ = {isa = PBXBuildFile; fileRef = DC36892F2A386BE900FB2D71 /* View+Extension.swift */; };
		DC3689312A386BE900FB2D71 /* View+Extension.swift in Sources */ = {isa = PBXBuildFile; fileRef = DC36892F2A386BE900FB2D71 /* View+Extension.swift */; };
		DC3689322A386BE900FB2D71 /* View+Extension.swift in Sources */ = {isa = PBXBuildFile; fileRef = DC36892F2A386BE900FB2D71 /* View+Extension.swift */; };
		DC3689342A38709D00FB2D71 /* GroupedGrid.swift in Sources */ = {isa = PBXBuildFile; fileRef = DC3689332A38709D00FB2D71 /* GroupedGrid.swift */; };
		DC3689352A38709D00FB2D71 /* GroupedGrid.swift in Sources */ = {isa = PBXBuildFile; fileRef = DC3689332A38709D00FB2D71 /* GroupedGrid.swift */; };
		DC3689362A38709D00FB2D71 /* GroupedGrid.swift in Sources */ = {isa = PBXBuildFile; fileRef = DC3689332A38709D00FB2D71 /* GroupedGrid.swift */; };
		DC3689392A3B12EB00FB2D71 /* Provider.json in Resources */ = {isa = PBXBuildFile; fileRef = DC3689382A3B12EB00FB2D71 /* Provider.json */; };
		DC36893A2A3B12EB00FB2D71 /* Provider.json in Resources */ = {isa = PBXBuildFile; fileRef = DC3689382A3B12EB00FB2D71 /* Provider.json */; };
		DC36893B2A3B12EB00FB2D71 /* Provider.json in Resources */ = {isa = PBXBuildFile; fileRef = DC3689382A3B12EB00FB2D71 /* Provider.json */; };
		DC36893D2A3B316200FB2D71 /* ProviderInvalid.json in Resources */ = {isa = PBXBuildFile; fileRef = DC36893C2A3B316200FB2D71 /* ProviderInvalid.json */; };
		DC36893E2A3B316200FB2D71 /* ProviderInvalid.json in Resources */ = {isa = PBXBuildFile; fileRef = DC36893C2A3B316200FB2D71 /* ProviderInvalid.json */; };
		DC36893F2A3B316200FB2D71 /* ProviderInvalid.json in Resources */ = {isa = PBXBuildFile; fileRef = DC36893C2A3B316200FB2D71 /* ProviderInvalid.json */; };
		DC3689412A3C95A800FB2D71 /* GetPaymentAPI.swift in Sources */ = {isa = PBXBuildFile; fileRef = DC3689402A3C95A800FB2D71 /* GetPaymentAPI.swift */; };
		DC3689422A3C95A800FB2D71 /* GetPaymentAPI.swift in Sources */ = {isa = PBXBuildFile; fileRef = DC3689402A3C95A800FB2D71 /* GetPaymentAPI.swift */; };
		DC3689432A3C95A800FB2D71 /* GetPaymentAPI.swift in Sources */ = {isa = PBXBuildFile; fileRef = DC3689402A3C95A800FB2D71 /* GetPaymentAPI.swift */; };
		DC3689462A3C96B300FB2D71 /* Payment.swift in Sources */ = {isa = PBXBuildFile; fileRef = DC3689452A3C96B300FB2D71 /* Payment.swift */; };
		DC3689472A3C96B300FB2D71 /* Payment.swift in Sources */ = {isa = PBXBuildFile; fileRef = DC3689452A3C96B300FB2D71 /* Payment.swift */; };
		DC3689482A3C96B300FB2D71 /* Payment.swift in Sources */ = {isa = PBXBuildFile; fileRef = DC3689452A3C96B300FB2D71 /* Payment.swift */; };
		DC36894A2A3C9AE600FB2D71 /* Currency.swift in Sources */ = {isa = PBXBuildFile; fileRef = DC3689492A3C9AE600FB2D71 /* Currency.swift */; };
		DC36894B2A3C9AE600FB2D71 /* Currency.swift in Sources */ = {isa = PBXBuildFile; fileRef = DC3689492A3C9AE600FB2D71 /* Currency.swift */; };
		DC36894C2A3C9AE600FB2D71 /* Currency.swift in Sources */ = {isa = PBXBuildFile; fileRef = DC3689492A3C9AE600FB2D71 /* Currency.swift */; };
		DC36894E2A3C9C7800FB2D71 /* GetPaymentDataRequest.swift in Sources */ = {isa = PBXBuildFile; fileRef = DC36894D2A3C9C7800FB2D71 /* GetPaymentDataRequest.swift */; };
		DC36894F2A3C9C7800FB2D71 /* GetPaymentDataRequest.swift in Sources */ = {isa = PBXBuildFile; fileRef = DC36894D2A3C9C7800FB2D71 /* GetPaymentDataRequest.swift */; };
		DC3689502A3C9C7800FB2D71 /* GetPaymentDataRequest.swift in Sources */ = {isa = PBXBuildFile; fileRef = DC36894D2A3C9C7800FB2D71 /* GetPaymentDataRequest.swift */; };
		DC3689532A3CA91100FB2D71 /* GetPaymentApiTestSuite.swift in Sources */ = {isa = PBXBuildFile; fileRef = DC3689512A3CA91100FB2D71 /* GetPaymentApiTestSuite.swift */; };
		DC3689572A41BD8200FB2D71 /* PaytrailCardTokenAPIs.swift in Sources */ = {isa = PBXBuildFile; fileRef = DC3689562A41BD8200FB2D71 /* PaytrailCardTokenAPIs.swift */; };
		DC3689582A41BD8200FB2D71 /* PaytrailCardTokenAPIs.swift in Sources */ = {isa = PBXBuildFile; fileRef = DC3689562A41BD8200FB2D71 /* PaytrailCardTokenAPIs.swift */; };
		DC3689592A41BD8200FB2D71 /* PaytrailCardTokenAPIs.swift in Sources */ = {isa = PBXBuildFile; fileRef = DC3689562A41BD8200FB2D71 /* PaytrailCardTokenAPIs.swift */; };
		DC36895B2A41E4C700FB2D71 /* AddCardView.swift in Sources */ = {isa = PBXBuildFile; fileRef = DC36895A2A41E4C700FB2D71 /* AddCardView.swift */; };
		DC36895C2A41E4C700FB2D71 /* AddCardView.swift in Sources */ = {isa = PBXBuildFile; fileRef = DC36895A2A41E4C700FB2D71 /* AddCardView.swift */; };
		DC36895D2A41E4C700FB2D71 /* AddCardView.swift in Sources */ = {isa = PBXBuildFile; fileRef = DC36895A2A41E4C700FB2D71 /* AddCardView.swift */; };
		DC36895F2A42FC2800FB2D71 /* DateHandler.swift in Sources */ = {isa = PBXBuildFile; fileRef = DC36895E2A42FC2800FB2D71 /* DateHandler.swift */; };
		DC3689602A42FC2800FB2D71 /* DateHandler.swift in Sources */ = {isa = PBXBuildFile; fileRef = DC36895E2A42FC2800FB2D71 /* DateHandler.swift */; };
		DC3689612A42FC2800FB2D71 /* DateHandler.swift in Sources */ = {isa = PBXBuildFile; fileRef = DC36895E2A42FC2800FB2D71 /* DateHandler.swift */; };
		DC3689632A43041800FB2D71 /* PaymentDelegate.swift in Sources */ = {isa = PBXBuildFile; fileRef = DC3689622A43041800FB2D71 /* PaymentDelegate.swift */; };
		DC3689642A43041800FB2D71 /* PaymentDelegate.swift in Sources */ = {isa = PBXBuildFile; fileRef = DC3689622A43041800FB2D71 /* PaymentDelegate.swift */; };
		DC3689652A43041800FB2D71 /* PaymentDelegate.swift in Sources */ = {isa = PBXBuildFile; fileRef = DC3689622A43041800FB2D71 /* PaymentDelegate.swift */; };
		DC3689682A430A9700FB2D71 /* TokenizationRequestResponse.swift in Sources */ = {isa = PBXBuildFile; fileRef = DC3689672A430A9700FB2D71 /* TokenizationRequestResponse.swift */; };
		DC3689692A430A9700FB2D71 /* TokenizationRequestResponse.swift in Sources */ = {isa = PBXBuildFile; fileRef = DC3689672A430A9700FB2D71 /* TokenizationRequestResponse.swift */; };
		DC36896A2A430A9700FB2D71 /* TokenizationRequestResponse.swift in Sources */ = {isa = PBXBuildFile; fileRef = DC3689672A430A9700FB2D71 /* TokenizationRequestResponse.swift */; };
		DC36896C2A4319D300FB2D71 /* Card.swift in Sources */ = {isa = PBXBuildFile; fileRef = DC36896B2A4319D300FB2D71 /* Card.swift */; };
		DC36896D2A4319D300FB2D71 /* Card.swift in Sources */ = {isa = PBXBuildFile; fileRef = DC36896B2A4319D300FB2D71 /* Card.swift */; };
		DC36896E2A4319D300FB2D71 /* Card.swift in Sources */ = {isa = PBXBuildFile; fileRef = DC36896B2A4319D300FB2D71 /* Card.swift */; };
		DC3689702A431B5F00FB2D71 /* TokenCustomerDetails.swift in Sources */ = {isa = PBXBuildFile; fileRef = DC36896F2A431B5F00FB2D71 /* TokenCustomerDetails.swift */; };
		DC3689712A431B5F00FB2D71 /* TokenCustomerDetails.swift in Sources */ = {isa = PBXBuildFile; fileRef = DC36896F2A431B5F00FB2D71 /* TokenCustomerDetails.swift */; };
		DC3689722A431B5F00FB2D71 /* TokenCustomerDetails.swift in Sources */ = {isa = PBXBuildFile; fileRef = DC36896F2A431B5F00FB2D71 /* TokenCustomerDetails.swift */; };
		DC3689742A431D8E00FB2D71 /* CardTokenizationRequest.swift in Sources */ = {isa = PBXBuildFile; fileRef = DC3689732A431D8E00FB2D71 /* CardTokenizationRequest.swift */; };
		DC3689752A431D8E00FB2D71 /* CardTokenizationRequest.swift in Sources */ = {isa = PBXBuildFile; fileRef = DC3689732A431D8E00FB2D71 /* CardTokenizationRequest.swift */; };
		DC3689762A431D8E00FB2D71 /* CardTokenizationRequest.swift in Sources */ = {isa = PBXBuildFile; fileRef = DC3689732A431D8E00FB2D71 /* CardTokenizationRequest.swift */; };
		DC3689792A432E6700FB2D71 /* RealmSwift in Frameworks */ = {isa = PBXBuildFile; productRef = DC3689782A432E6700FB2D71 /* RealmSwift */; };
		DC36897C2A43305500FB2D71 /* TokenizedCard.swift in Sources */ = {isa = PBXBuildFile; fileRef = DC36897B2A43305500FB2D71 /* TokenizedCard.swift */; };
		DC36897E2A4988B800FB2D71 /* CardTokenApiTestSuite.swift in Sources */ = {isa = PBXBuildFile; fileRef = DC36897D2A4988B800FB2D71 /* CardTokenApiTestSuite.swift */; };
		DC3689812A499B0400FB2D71 /* RealmSwift in Frameworks */ = {isa = PBXBuildFile; productRef = DC3689802A499B0400FB2D71 /* RealmSwift */; };
		DC3689832A499B0B00FB2D71 /* Realm in Frameworks */ = {isa = PBXBuildFile; productRef = DC3689822A499B0B00FB2D71 /* Realm */; };
		DC3689852A499B5C00FB2D71 /* Realm in Frameworks */ = {isa = PBXBuildFile; productRef = DC3689842A499B5C00FB2D71 /* Realm */; };
		DC3689872A499B5C00FB2D71 /* RealmSwift in Frameworks */ = {isa = PBXBuildFile; productRef = DC3689862A499B5C00FB2D71 /* RealmSwift */; };
		DC3689882A499B9200FB2D71 /* TokenizedCard.swift in Sources */ = {isa = PBXBuildFile; fileRef = DC36897B2A43305500FB2D71 /* TokenizedCard.swift */; };
		DC3689892A499B9300FB2D71 /* TokenizedCard.swift in Sources */ = {isa = PBXBuildFile; fileRef = DC36897B2A43305500FB2D71 /* TokenizedCard.swift */; };
		DC36898A2A499BD600FB2D71 /* PaymentWebView.swift in Sources */ = {isa = PBXBuildFile; fileRef = DC3689212A33312300FB2D71 /* PaymentWebView.swift */; };
		DC36898B2A499BD700FB2D71 /* PaymentWebView.swift in Sources */ = {isa = PBXBuildFile; fileRef = DC3689212A33312300FB2D71 /* PaymentWebView.swift */; };
		DC36898C2A499C0000FB2D71 /* BackButton.swift in Sources */ = {isa = PBXBuildFile; fileRef = DC3689232A37266600FB2D71 /* BackButton.swift */; };
		DC36898D2A499C0000FB2D71 /* BackButton.swift in Sources */ = {isa = PBXBuildFile; fileRef = DC3689232A37266600FB2D71 /* BackButton.swift */; };
		DC36898F2A49B79900FB2D71 /* Constants.swift in Sources */ = {isa = PBXBuildFile; fileRef = DC36898E2A49B79900FB2D71 /* Constants.swift */; };
		DC3689902A49B79900FB2D71 /* Constants.swift in Sources */ = {isa = PBXBuildFile; fileRef = DC36898E2A49B79900FB2D71 /* Constants.swift */; };
		DC3689912A49B79900FB2D71 /* Constants.swift in Sources */ = {isa = PBXBuildFile; fileRef = DC36898E2A49B79900FB2D71 /* Constants.swift */; };
		DC3689932A4AD8EE00FB2D71 /* CreateTokenPaymentDataRequest.swift in Sources */ = {isa = PBXBuildFile; fileRef = DC3689922A4AD8EE00FB2D71 /* CreateTokenPaymentDataRequest.swift */; };
		DC3689942A4AD8EE00FB2D71 /* CreateTokenPaymentDataRequest.swift in Sources */ = {isa = PBXBuildFile; fileRef = DC3689922A4AD8EE00FB2D71 /* CreateTokenPaymentDataRequest.swift */; };
		DC3689952A4AD8EE00FB2D71 /* CreateTokenPaymentDataRequest.swift in Sources */ = {isa = PBXBuildFile; fileRef = DC3689922A4AD8EE00FB2D71 /* CreateTokenPaymentDataRequest.swift */; };
		DC3689982A4ADA0000FB2D71 /* TokenPaymentRequestResponse.swift in Sources */ = {isa = PBXBuildFile; fileRef = DC3689972A4ADA0000FB2D71 /* TokenPaymentRequestResponse.swift */; };
		DC3689992A4ADA0000FB2D71 /* TokenPaymentRequestResponse.swift in Sources */ = {isa = PBXBuildFile; fileRef = DC3689972A4ADA0000FB2D71 /* TokenPaymentRequestResponse.swift */; };
		DC36899A2A4ADA0000FB2D71 /* TokenPaymentRequestResponse.swift in Sources */ = {isa = PBXBuildFile; fileRef = DC3689972A4ADA0000FB2D71 /* TokenPaymentRequestResponse.swift */; };
		DC36899C2A4C550000FB2D71 /* PaytrailError.swift in Sources */ = {isa = PBXBuildFile; fileRef = DC36899B2A4C550000FB2D71 /* PaytrailError.swift */; };
		DC36899D2A4C550000FB2D71 /* PaytrailError.swift in Sources */ = {isa = PBXBuildFile; fileRef = DC36899B2A4C550000FB2D71 /* PaytrailError.swift */; };
		DC36899E2A4C550000FB2D71 /* PaytrailError.swift in Sources */ = {isa = PBXBuildFile; fileRef = DC36899B2A4C550000FB2D71 /* PaytrailError.swift */; };
		DC3689A02A4C61B300FB2D71 /* NormalPaymentNetworkService.swift in Sources */ = {isa = PBXBuildFile; fileRef = DC36899F2A4C61B300FB2D71 /* NormalPaymentNetworkService.swift */; };
		DC3689A12A4C61B300FB2D71 /* NormalPaymentNetworkService.swift in Sources */ = {isa = PBXBuildFile; fileRef = DC36899F2A4C61B300FB2D71 /* NormalPaymentNetworkService.swift */; };
		DC3689A22A4C61B300FB2D71 /* NormalPaymentNetworkService.swift in Sources */ = {isa = PBXBuildFile; fileRef = DC36899F2A4C61B300FB2D71 /* NormalPaymentNetworkService.swift */; };
		DC3689A42A4C67E800FB2D71 /* TokenPaymentNetworkService.swift in Sources */ = {isa = PBXBuildFile; fileRef = DC3689A32A4C67E800FB2D71 /* TokenPaymentNetworkService.swift */; };
		DC3689A52A4C67E800FB2D71 /* TokenPaymentNetworkService.swift in Sources */ = {isa = PBXBuildFile; fileRef = DC3689A32A4C67E800FB2D71 /* TokenPaymentNetworkService.swift */; };
		DC3689A62A4C67E800FB2D71 /* TokenPaymentNetworkService.swift in Sources */ = {isa = PBXBuildFile; fileRef = DC3689A32A4C67E800FB2D71 /* TokenPaymentNetworkService.swift */; };
		DC3689AD2A4DBA0D00FB2D71 /* ProductCheckoutView.swift in Sources */ = {isa = PBXBuildFile; fileRef = DC3689AC2A4DBA0D00FB2D71 /* ProductCheckoutView.swift */; };
		DC3689AE2A4DBA0D00FB2D71 /* ProductCheckoutView.swift in Sources */ = {isa = PBXBuildFile; fileRef = DC3689AC2A4DBA0D00FB2D71 /* ProductCheckoutView.swift */; };
		DC3689AF2A4DBA0D00FB2D71 /* ProductCheckoutView.swift in Sources */ = {isa = PBXBuildFile; fileRef = DC3689AC2A4DBA0D00FB2D71 /* ProductCheckoutView.swift */; };
		DC3689B12A52E13A00FB2D71 /* PaymentResult.swift in Sources */ = {isa = PBXBuildFile; fileRef = DC3689B02A52E13A00FB2D71 /* PaymentResult.swift */; };
		DC3689B22A52E13A00FB2D71 /* PaymentResult.swift in Sources */ = {isa = PBXBuildFile; fileRef = DC3689B02A52E13A00FB2D71 /* PaymentResult.swift */; };
		DC3689B32A52E13A00FB2D71 /* PaymentResult.swift in Sources */ = {isa = PBXBuildFile; fileRef = DC3689B02A52E13A00FB2D71 /* PaymentResult.swift */; };
		DC3689B52A52FD0900FB2D71 /* TokenizationResult.swift in Sources */ = {isa = PBXBuildFile; fileRef = DC3689B42A52FD0900FB2D71 /* TokenizationResult.swift */; };
		DC3689B62A52FD0900FB2D71 /* TokenizationResult.swift in Sources */ = {isa = PBXBuildFile; fileRef = DC3689B42A52FD0900FB2D71 /* TokenizationResult.swift */; };
		DC3689B72A52FD0900FB2D71 /* TokenizationResult.swift in Sources */ = {isa = PBXBuildFile; fileRef = DC3689B42A52FD0900FB2D71 /* TokenizationResult.swift */; };
		DC3689B82A54199500FB2D71 /* ContentView.swift in Sources */ = {isa = PBXBuildFile; fileRef = DC501FAE2A25FEDF004AD49D /* ContentView.swift */; };
		DC3689B92A54199500FB2D71 /* ContentView.swift in Sources */ = {isa = PBXBuildFile; fileRef = DC501FAE2A25FEDF004AD49D /* ContentView.swift */; };
		DC3689BA2A54199B00FB2D71 /* PaytrailSdkExamplesApp.swift in Sources */ = {isa = PBXBuildFile; fileRef = DC501FAC2A25FEDF004AD49D /* PaytrailSdkExamplesApp.swift */; };
		DC3689BB2A54199B00FB2D71 /* PaytrailSdkExamplesApp.swift in Sources */ = {isa = PBXBuildFile; fileRef = DC501FAC2A25FEDF004AD49D /* PaytrailSdkExamplesApp.swift */; };
		DC3689BD2A559B4800FB2D71 /* PaymentProvidersView.swift in Sources */ = {isa = PBXBuildFile; fileRef = DC3689BC2A559B4800FB2D71 /* PaymentProvidersView.swift */; };
		DC3689BE2A559B4800FB2D71 /* PaymentProvidersView.swift in Sources */ = {isa = PBXBuildFile; fileRef = DC3689BC2A559B4800FB2D71 /* PaymentProvidersView.swift */; };
		DC3689BF2A559B4800FB2D71 /* PaymentProvidersView.swift in Sources */ = {isa = PBXBuildFile; fileRef = DC3689BC2A559B4800FB2D71 /* PaymentProvidersView.swift */; };
		DC3689C22A56BCE000FB2D71 /* GroupedGridView.swift in Sources */ = {isa = PBXBuildFile; fileRef = DC3689C12A56BCE000FB2D71 /* GroupedGridView.swift */; };
		DC3689C32A56BCE000FB2D71 /* GroupedGridView.swift in Sources */ = {isa = PBXBuildFile; fileRef = DC3689C12A56BCE000FB2D71 /* GroupedGridView.swift */; };
		DC3689C42A56BCE000FB2D71 /* GroupedGridView.swift in Sources */ = {isa = PBXBuildFile; fileRef = DC3689C12A56BCE000FB2D71 /* GroupedGridView.swift */; };
		DC3689C62A56E40000FB2D71 /* PaytrailThemes.swift in Sources */ = {isa = PBXBuildFile; fileRef = DC3689C52A56E40000FB2D71 /* PaytrailThemes.swift */; };
		DC3689C72A56E40000FB2D71 /* PaytrailThemes.swift in Sources */ = {isa = PBXBuildFile; fileRef = DC3689C52A56E40000FB2D71 /* PaytrailThemes.swift */; };
		DC3689C82A56E40000FB2D71 /* PaytrailThemes.swift in Sources */ = {isa = PBXBuildFile; fileRef = DC3689C52A56E40000FB2D71 /* PaytrailThemes.swift */; };
		DC3689CA2A56F4FA00FB2D71 /* View+Extensions.swift in Sources */ = {isa = PBXBuildFile; fileRef = DC3689C92A56F4FA00FB2D71 /* View+Extensions.swift */; };
		DC3689CB2A56F4FA00FB2D71 /* View+Extensions.swift in Sources */ = {isa = PBXBuildFile; fileRef = DC3689C92A56F4FA00FB2D71 /* View+Extensions.swift */; };
		DC3689CC2A56F4FA00FB2D71 /* View+Extensions.swift in Sources */ = {isa = PBXBuildFile; fileRef = DC3689C92A56F4FA00FB2D71 /* View+Extensions.swift */; };
		DC501F222A1F5DEF004AD49D /* paytrail_ios_sdk.docc in Sources */ = {isa = PBXBuildFile; fileRef = DC501F212A1F5DEF004AD49D /* paytrail_ios_sdk.docc */; };
		DC501F282A1F5DEF004AD49D /* paytrail_ios_sdk.framework in Frameworks */ = {isa = PBXBuildFile; fileRef = DC501F1D2A1F5DEF004AD49D /* paytrail_ios_sdk.framework */; };
		DC501F2D2A1F5DEF004AD49D /* CreatePaymentApiTestSuite.swift in Sources */ = {isa = PBXBuildFile; fileRef = DC501F2C2A1F5DEF004AD49D /* CreatePaymentApiTestSuite.swift */; };
		DC501F2E2A1F5DEF004AD49D /* paytrail_ios_sdk.h in Headers */ = {isa = PBXBuildFile; fileRef = DC501F202A1F5DEF004AD49D /* paytrail_ios_sdk.h */; settings = {ATTRIBUTES = (Public, ); }; };
		DC501F392A1FA2DF004AD49D /* NetworkMethods.swift in Sources */ = {isa = PBXBuildFile; fileRef = DC501F382A1FA2DF004AD49D /* NetworkMethods.swift */; };
		DC501F3A2A1FA2DF004AD49D /* NetworkMethods.swift in Sources */ = {isa = PBXBuildFile; fileRef = DC501F382A1FA2DF004AD49D /* NetworkMethods.swift */; };
		DC501F3C2A1FA3C1004AD49D /* NetworkService.swift in Sources */ = {isa = PBXBuildFile; fileRef = DC501F3B2A1FA3C1004AD49D /* NetworkService.swift */; };
		DC501F3D2A1FA3C1004AD49D /* NetworkService.swift in Sources */ = {isa = PBXBuildFile; fileRef = DC501F3B2A1FA3C1004AD49D /* NetworkService.swift */; };
		DC501F7B2A24B272004AD49D /* PaymentRequestBody.swift in Sources */ = {isa = PBXBuildFile; fileRef = DC501F7A2A24B272004AD49D /* PaymentRequestBody.swift */; };
		DC501F7C2A24B272004AD49D /* PaymentRequestBody.swift in Sources */ = {isa = PBXBuildFile; fileRef = DC501F7A2A24B272004AD49D /* PaymentRequestBody.swift */; };
		DC501F8A2A24D652004AD49D /* PaymentRequestResponse.swift in Sources */ = {isa = PBXBuildFile; fileRef = DC501F892A24D652004AD49D /* PaymentRequestResponse.swift */; };
		DC501F8B2A24D652004AD49D /* PaymentRequestResponse.swift in Sources */ = {isa = PBXBuildFile; fileRef = DC501F892A24D652004AD49D /* PaymentRequestResponse.swift */; };
		DC501F8D2A24D6C6004AD49D /* PaymentMethodProvider.swift in Sources */ = {isa = PBXBuildFile; fileRef = DC501F8C2A24D6C6004AD49D /* PaymentMethodProvider.swift */; };
		DC501F8E2A24D6C6004AD49D /* PaymentMethodProvider.swift in Sources */ = {isa = PBXBuildFile; fileRef = DC501F8C2A24D6C6004AD49D /* PaymentMethodProvider.swift */; };
		DC501F902A24D750004AD49D /* CustomProvider.swift in Sources */ = {isa = PBXBuildFile; fileRef = DC501F8F2A24D750004AD49D /* CustomProvider.swift */; };
		DC501F912A24D750004AD49D /* CustomProvider.swift in Sources */ = {isa = PBXBuildFile; fileRef = DC501F8F2A24D750004AD49D /* CustomProvider.swift */; };
		DC501F932A24D7E0004AD49D /* PaymentMethodGroup.swift in Sources */ = {isa = PBXBuildFile; fileRef = DC501F922A24D7E0004AD49D /* PaymentMethodGroup.swift */; };
		DC501F942A24D7E0004AD49D /* PaymentMethodGroup.swift in Sources */ = {isa = PBXBuildFile; fileRef = DC501F922A24D7E0004AD49D /* PaymentMethodGroup.swift */; };
		DC501F962A24D858004AD49D /* PTApplePay.swift in Sources */ = {isa = PBXBuildFile; fileRef = DC501F952A24D858004AD49D /* PTApplePay.swift */; };
		DC501F972A24D858004AD49D /* PTApplePay.swift in Sources */ = {isa = PBXBuildFile; fileRef = DC501F952A24D858004AD49D /* PTApplePay.swift */; };
		DC501F992A24D92D004AD49D /* Parameter.swift in Sources */ = {isa = PBXBuildFile; fileRef = DC501F982A24D92D004AD49D /* Parameter.swift */; };
		DC501F9A2A24D92D004AD49D /* Parameter.swift in Sources */ = {isa = PBXBuildFile; fileRef = DC501F982A24D92D004AD49D /* Parameter.swift */; };
		DC501F9C2A24E01B004AD49D /* CreatePaymentAPI.swift in Sources */ = {isa = PBXBuildFile; fileRef = DC501F9B2A24E01B004AD49D /* CreatePaymentAPI.swift */; };
		DC501F9D2A24E01B004AD49D /* CreatePaymentAPI.swift in Sources */ = {isa = PBXBuildFile; fileRef = DC501F9B2A24E01B004AD49D /* CreatePaymentAPI.swift */; };
		DC501FA02A24E333004AD49D /* CreatePaymentDataRequest.swift in Sources */ = {isa = PBXBuildFile; fileRef = DC501F9F2A24E333004AD49D /* CreatePaymentDataRequest.swift */; };
		DC501FA12A24E333004AD49D /* CreatePaymentDataRequest.swift in Sources */ = {isa = PBXBuildFile; fileRef = DC501F9F2A24E333004AD49D /* CreatePaymentDataRequest.swift */; };
		DC501FA42A25EDD1004AD49D /* JSONHandler.swift in Sources */ = {isa = PBXBuildFile; fileRef = DC501FA32A25EDD1004AD49D /* JSONHandler.swift */; };
		DC501FA52A25EDD1004AD49D /* JSONHandler.swift in Sources */ = {isa = PBXBuildFile; fileRef = DC501FA32A25EDD1004AD49D /* JSONHandler.swift */; };
		DC501FAD2A25FEDF004AD49D /* PaytrailSdkExamplesApp.swift in Sources */ = {isa = PBXBuildFile; fileRef = DC501FAC2A25FEDF004AD49D /* PaytrailSdkExamplesApp.swift */; };
		DC501FAF2A25FEDF004AD49D /* ContentView.swift in Sources */ = {isa = PBXBuildFile; fileRef = DC501FAE2A25FEDF004AD49D /* ContentView.swift */; };
		DC501FB12A25FEE2004AD49D /* Assets.xcassets in Resources */ = {isa = PBXBuildFile; fileRef = DC501FB02A25FEE2004AD49D /* Assets.xcassets */; };
		DC501FB42A25FEE2004AD49D /* Preview Assets.xcassets in Resources */ = {isa = PBXBuildFile; fileRef = DC501FB32A25FEE2004AD49D /* Preview Assets.xcassets */; };
		DC501FB82A2606C3004AD49D /* CreatePaymentAPI.swift in Sources */ = {isa = PBXBuildFile; fileRef = DC501F9B2A24E01B004AD49D /* CreatePaymentAPI.swift */; };
		DC501FB92A2606D1004AD49D /* CreatePaymentDataRequest.swift in Sources */ = {isa = PBXBuildFile; fileRef = DC501F9F2A24E333004AD49D /* CreatePaymentDataRequest.swift */; };
		DC501FBB2A2606D5004AD49D /* PaymentRequestBody.swift in Sources */ = {isa = PBXBuildFile; fileRef = DC501F7A2A24B272004AD49D /* PaymentRequestBody.swift */; };
		DC501FBC2A2606DD004AD49D /* PaymentRequestResponse.swift in Sources */ = {isa = PBXBuildFile; fileRef = DC501F892A24D652004AD49D /* PaymentRequestResponse.swift */; };
		DC501FBD2A2606E0004AD49D /* PaymentMethodProvider.swift in Sources */ = {isa = PBXBuildFile; fileRef = DC501F8C2A24D6C6004AD49D /* PaymentMethodProvider.swift */; };
		DC501FBE2A2606E3004AD49D /* CustomProvider.swift in Sources */ = {isa = PBXBuildFile; fileRef = DC501F8F2A24D750004AD49D /* CustomProvider.swift */; };
		DC501FBF2A2606E6004AD49D /* PaymentMethodGroup.swift in Sources */ = {isa = PBXBuildFile; fileRef = DC501F922A24D7E0004AD49D /* PaymentMethodGroup.swift */; };
		DC501FC02A2606E8004AD49D /* PTApplePay.swift in Sources */ = {isa = PBXBuildFile; fileRef = DC501F952A24D858004AD49D /* PTApplePay.swift */; };
		DC501FC12A2606EB004AD49D /* Parameter.swift in Sources */ = {isa = PBXBuildFile; fileRef = DC501F982A24D92D004AD49D /* Parameter.swift */; };
		DC501FC22A2606ED004AD49D /* NetworkMethods.swift in Sources */ = {isa = PBXBuildFile; fileRef = DC501F382A1FA2DF004AD49D /* NetworkMethods.swift */; };
		DC501FC32A2606F1004AD49D /* NetworkService.swift in Sources */ = {isa = PBXBuildFile; fileRef = DC501F3B2A1FA3C1004AD49D /* NetworkService.swift */; };
		DC501FC42A2606F8004AD49D /* JSONHandler.swift in Sources */ = {isa = PBXBuildFile; fileRef = DC501FA32A25EDD1004AD49D /* JSONHandler.swift */; };
		DC501FC62A263249004AD49D /* PaymentErrorResponse.swift in Sources */ = {isa = PBXBuildFile; fileRef = DC501FC52A263249004AD49D /* PaymentErrorResponse.swift */; };
		DC501FC72A263249004AD49D /* PaymentErrorResponse.swift in Sources */ = {isa = PBXBuildFile; fileRef = DC501FC52A263249004AD49D /* PaymentErrorResponse.swift */; };
		DC501FC82A263249004AD49D /* PaymentErrorResponse.swift in Sources */ = {isa = PBXBuildFile; fileRef = DC501FC52A263249004AD49D /* PaymentErrorResponse.swift */; };
		DC501FCA2A263D3F004AD49D /* HMACCaculator.swift in Sources */ = {isa = PBXBuildFile; fileRef = DC501FC92A263D3F004AD49D /* HMACCaculator.swift */; };
		DC501FCB2A263D3F004AD49D /* HMACCaculator.swift in Sources */ = {isa = PBXBuildFile; fileRef = DC501FC92A263D3F004AD49D /* HMACCaculator.swift */; };
		DC501FCC2A263D3F004AD49D /* HMACCaculator.swift in Sources */ = {isa = PBXBuildFile; fileRef = DC501FC92A263D3F004AD49D /* HMACCaculator.swift */; };
/* End PBXBuildFile section */

/* Begin PBXContainerItemProxy section */
		DC501F292A1F5DEF004AD49D /* PBXContainerItemProxy */ = {
			isa = PBXContainerItemProxy;
			containerPortal = DC501F142A1F5DEF004AD49D /* Project object */;
			proxyType = 1;
			remoteGlobalIDString = DC501F1C2A1F5DEF004AD49D;
			remoteInfo = "paytrail-ios-sdk";
		};
/* End PBXContainerItemProxy section */

/* Begin PBXFileReference section */
		DC3689172A2E1DD800FB2D71 /* PaytrailMerchant.swift */ = {isa = PBXFileReference; lastKnownFileType = sourcecode.swift; path = PaytrailMerchant.swift; sourceTree = "<group>"; };
		DC36891B2A31D66700FB2D71 /* PaymentImageDataRequest.swift */ = {isa = PBXFileReference; lastKnownFileType = sourcecode.swift; path = PaymentImageDataRequest.swift; sourceTree = "<group>"; };
		DC3689212A33312300FB2D71 /* PaymentWebView.swift */ = {isa = PBXFileReference; lastKnownFileType = sourcecode.swift; path = PaymentWebView.swift; sourceTree = "<group>"; };
		DC3689232A37266600FB2D71 /* BackButton.swift */ = {isa = PBXFileReference; lastKnownFileType = sourcecode.swift; path = BackButton.swift; sourceTree = "<group>"; };
		DC3689252A373D0900FB2D71 /* UrlStringHandler.swift */ = {isa = PBXFileReference; lastKnownFileType = sourcecode.swift; path = UrlStringHandler.swift; sourceTree = "<group>"; };
		DC3689292A37440100FB2D71 /* PaymentStatus.swift */ = {isa = PBXFileReference; lastKnownFileType = sourcecode.swift; path = PaymentStatus.swift; sourceTree = "<group>"; };
		DC36892F2A386BE900FB2D71 /* View+Extension.swift */ = {isa = PBXFileReference; lastKnownFileType = sourcecode.swift; path = "View+Extension.swift"; sourceTree = "<group>"; };
		DC3689332A38709D00FB2D71 /* GroupedGrid.swift */ = {isa = PBXFileReference; lastKnownFileType = sourcecode.swift; path = GroupedGrid.swift; sourceTree = "<group>"; };
		DC3689382A3B12EB00FB2D71 /* Provider.json */ = {isa = PBXFileReference; lastKnownFileType = text.json; path = Provider.json; sourceTree = "<group>"; };
		DC36893C2A3B316200FB2D71 /* ProviderInvalid.json */ = {isa = PBXFileReference; lastKnownFileType = text.json; path = ProviderInvalid.json; sourceTree = "<group>"; };
		DC3689402A3C95A800FB2D71 /* GetPaymentAPI.swift */ = {isa = PBXFileReference; lastKnownFileType = sourcecode.swift; path = GetPaymentAPI.swift; sourceTree = "<group>"; };
		DC3689452A3C96B300FB2D71 /* Payment.swift */ = {isa = PBXFileReference; lastKnownFileType = sourcecode.swift; path = Payment.swift; sourceTree = "<group>"; };
		DC3689492A3C9AE600FB2D71 /* Currency.swift */ = {isa = PBXFileReference; lastKnownFileType = sourcecode.swift; path = Currency.swift; sourceTree = "<group>"; };
		DC36894D2A3C9C7800FB2D71 /* GetPaymentDataRequest.swift */ = {isa = PBXFileReference; lastKnownFileType = sourcecode.swift; path = GetPaymentDataRequest.swift; sourceTree = "<group>"; };
		DC3689512A3CA91100FB2D71 /* GetPaymentApiTestSuite.swift */ = {isa = PBXFileReference; lastKnownFileType = sourcecode.swift; path = GetPaymentApiTestSuite.swift; sourceTree = "<group>"; };
		DC3689562A41BD8200FB2D71 /* PaytrailCardTokenAPIs.swift */ = {isa = PBXFileReference; lastKnownFileType = sourcecode.swift; path = PaytrailCardTokenAPIs.swift; sourceTree = "<group>"; };
		DC36895A2A41E4C700FB2D71 /* AddCardView.swift */ = {isa = PBXFileReference; lastKnownFileType = sourcecode.swift; path = AddCardView.swift; sourceTree = "<group>"; };
		DC36895E2A42FC2800FB2D71 /* DateHandler.swift */ = {isa = PBXFileReference; lastKnownFileType = sourcecode.swift; path = DateHandler.swift; sourceTree = "<group>"; };
		DC3689622A43041800FB2D71 /* PaymentDelegate.swift */ = {isa = PBXFileReference; lastKnownFileType = sourcecode.swift; path = PaymentDelegate.swift; sourceTree = "<group>"; };
		DC3689672A430A9700FB2D71 /* TokenizationRequestResponse.swift */ = {isa = PBXFileReference; lastKnownFileType = sourcecode.swift; path = TokenizationRequestResponse.swift; sourceTree = "<group>"; };
		DC36896B2A4319D300FB2D71 /* Card.swift */ = {isa = PBXFileReference; lastKnownFileType = sourcecode.swift; path = Card.swift; sourceTree = "<group>"; };
		DC36896F2A431B5F00FB2D71 /* TokenCustomerDetails.swift */ = {isa = PBXFileReference; lastKnownFileType = sourcecode.swift; path = TokenCustomerDetails.swift; sourceTree = "<group>"; };
		DC3689732A431D8E00FB2D71 /* CardTokenizationRequest.swift */ = {isa = PBXFileReference; lastKnownFileType = sourcecode.swift; path = CardTokenizationRequest.swift; sourceTree = "<group>"; };
		DC36897B2A43305500FB2D71 /* TokenizedCard.swift */ = {isa = PBXFileReference; lastKnownFileType = sourcecode.swift; path = TokenizedCard.swift; sourceTree = "<group>"; };
		DC36897D2A4988B800FB2D71 /* CardTokenApiTestSuite.swift */ = {isa = PBXFileReference; lastKnownFileType = sourcecode.swift; path = CardTokenApiTestSuite.swift; sourceTree = "<group>"; };
		DC36898E2A49B79900FB2D71 /* Constants.swift */ = {isa = PBXFileReference; lastKnownFileType = sourcecode.swift; path = Constants.swift; sourceTree = "<group>"; };
		DC3689922A4AD8EE00FB2D71 /* CreateTokenPaymentDataRequest.swift */ = {isa = PBXFileReference; lastKnownFileType = sourcecode.swift; path = CreateTokenPaymentDataRequest.swift; sourceTree = "<group>"; };
		DC3689972A4ADA0000FB2D71 /* TokenPaymentRequestResponse.swift */ = {isa = PBXFileReference; lastKnownFileType = sourcecode.swift; path = TokenPaymentRequestResponse.swift; sourceTree = "<group>"; };
		DC36899B2A4C550000FB2D71 /* PaytrailError.swift */ = {isa = PBXFileReference; lastKnownFileType = sourcecode.swift; path = PaytrailError.swift; sourceTree = "<group>"; };
		DC36899F2A4C61B300FB2D71 /* NormalPaymentNetworkService.swift */ = {isa = PBXFileReference; lastKnownFileType = sourcecode.swift; path = NormalPaymentNetworkService.swift; sourceTree = "<group>"; };
		DC3689A32A4C67E800FB2D71 /* TokenPaymentNetworkService.swift */ = {isa = PBXFileReference; lastKnownFileType = sourcecode.swift; path = TokenPaymentNetworkService.swift; sourceTree = "<group>"; };
		DC3689AC2A4DBA0D00FB2D71 /* ProductCheckoutView.swift */ = {isa = PBXFileReference; lastKnownFileType = sourcecode.swift; path = ProductCheckoutView.swift; sourceTree = "<group>"; };
		DC3689B02A52E13A00FB2D71 /* PaymentResult.swift */ = {isa = PBXFileReference; lastKnownFileType = sourcecode.swift; path = PaymentResult.swift; sourceTree = "<group>"; };
		DC3689B42A52FD0900FB2D71 /* TokenizationResult.swift */ = {isa = PBXFileReference; lastKnownFileType = sourcecode.swift; path = TokenizationResult.swift; sourceTree = "<group>"; };
		DC3689BC2A559B4800FB2D71 /* PaymentProvidersView.swift */ = {isa = PBXFileReference; lastKnownFileType = sourcecode.swift; path = PaymentProvidersView.swift; sourceTree = "<group>"; };
		DC3689C12A56BCE000FB2D71 /* GroupedGridView.swift */ = {isa = PBXFileReference; lastKnownFileType = sourcecode.swift; path = GroupedGridView.swift; sourceTree = "<group>"; };
		DC3689C52A56E40000FB2D71 /* PaytrailThemes.swift */ = {isa = PBXFileReference; lastKnownFileType = sourcecode.swift; path = PaytrailThemes.swift; sourceTree = "<group>"; };
		DC3689C92A56F4FA00FB2D71 /* View+Extensions.swift */ = {isa = PBXFileReference; lastKnownFileType = sourcecode.swift; path = "View+Extensions.swift"; sourceTree = "<group>"; };
		DC501F1D2A1F5DEF004AD49D /* paytrail_ios_sdk.framework */ = {isa = PBXFileReference; explicitFileType = wrapper.framework; includeInIndex = 0; path = paytrail_ios_sdk.framework; sourceTree = BUILT_PRODUCTS_DIR; };
		DC501F202A1F5DEF004AD49D /* paytrail_ios_sdk.h */ = {isa = PBXFileReference; lastKnownFileType = sourcecode.c.h; path = paytrail_ios_sdk.h; sourceTree = "<group>"; };
		DC501F212A1F5DEF004AD49D /* paytrail_ios_sdk.docc */ = {isa = PBXFileReference; lastKnownFileType = folder.documentationcatalog; path = paytrail_ios_sdk.docc; sourceTree = "<group>"; };
		DC501F272A1F5DEF004AD49D /* paytrail-ios-sdkTests.xctest */ = {isa = PBXFileReference; explicitFileType = wrapper.cfbundle; includeInIndex = 0; path = "paytrail-ios-sdkTests.xctest"; sourceTree = BUILT_PRODUCTS_DIR; };
		DC501F2C2A1F5DEF004AD49D /* CreatePaymentApiTestSuite.swift */ = {isa = PBXFileReference; lastKnownFileType = sourcecode.swift; path = CreatePaymentApiTestSuite.swift; sourceTree = "<group>"; };
		DC501F382A1FA2DF004AD49D /* NetworkMethods.swift */ = {isa = PBXFileReference; lastKnownFileType = sourcecode.swift; path = NetworkMethods.swift; sourceTree = "<group>"; };
		DC501F3B2A1FA3C1004AD49D /* NetworkService.swift */ = {isa = PBXFileReference; lastKnownFileType = sourcecode.swift; path = NetworkService.swift; sourceTree = "<group>"; };
		DC501F7A2A24B272004AD49D /* PaymentRequestBody.swift */ = {isa = PBXFileReference; lastKnownFileType = sourcecode.swift; path = PaymentRequestBody.swift; sourceTree = "<group>"; };
		DC501F892A24D652004AD49D /* PaymentRequestResponse.swift */ = {isa = PBXFileReference; lastKnownFileType = sourcecode.swift; path = PaymentRequestResponse.swift; sourceTree = "<group>"; };
		DC501F8C2A24D6C6004AD49D /* PaymentMethodProvider.swift */ = {isa = PBXFileReference; lastKnownFileType = sourcecode.swift; path = PaymentMethodProvider.swift; sourceTree = "<group>"; };
		DC501F8F2A24D750004AD49D /* CustomProvider.swift */ = {isa = PBXFileReference; lastKnownFileType = sourcecode.swift; path = CustomProvider.swift; sourceTree = "<group>"; };
		DC501F922A24D7E0004AD49D /* PaymentMethodGroup.swift */ = {isa = PBXFileReference; lastKnownFileType = sourcecode.swift; path = PaymentMethodGroup.swift; sourceTree = "<group>"; };
		DC501F952A24D858004AD49D /* PTApplePay.swift */ = {isa = PBXFileReference; lastKnownFileType = sourcecode.swift; path = PTApplePay.swift; sourceTree = "<group>"; };
		DC501F982A24D92D004AD49D /* Parameter.swift */ = {isa = PBXFileReference; lastKnownFileType = sourcecode.swift; path = Parameter.swift; sourceTree = "<group>"; };
		DC501F9B2A24E01B004AD49D /* CreatePaymentAPI.swift */ = {isa = PBXFileReference; lastKnownFileType = sourcecode.swift; path = CreatePaymentAPI.swift; sourceTree = "<group>"; };
		DC501F9F2A24E333004AD49D /* CreatePaymentDataRequest.swift */ = {isa = PBXFileReference; lastKnownFileType = sourcecode.swift; path = CreatePaymentDataRequest.swift; sourceTree = "<group>"; };
		DC501FA32A25EDD1004AD49D /* JSONHandler.swift */ = {isa = PBXFileReference; lastKnownFileType = sourcecode.swift; path = JSONHandler.swift; sourceTree = "<group>"; };
		DC501FAA2A25FEDF004AD49D /* PaytrailSdkExamples.app */ = {isa = PBXFileReference; explicitFileType = wrapper.application; includeInIndex = 0; path = PaytrailSdkExamples.app; sourceTree = BUILT_PRODUCTS_DIR; };
		DC501FAC2A25FEDF004AD49D /* PaytrailSdkExamplesApp.swift */ = {isa = PBXFileReference; lastKnownFileType = sourcecode.swift; path = PaytrailSdkExamplesApp.swift; sourceTree = "<group>"; };
		DC501FAE2A25FEDF004AD49D /* ContentView.swift */ = {isa = PBXFileReference; lastKnownFileType = sourcecode.swift; path = ContentView.swift; sourceTree = "<group>"; };
		DC501FB02A25FEE2004AD49D /* Assets.xcassets */ = {isa = PBXFileReference; lastKnownFileType = folder.assetcatalog; path = Assets.xcassets; sourceTree = "<group>"; };
		DC501FB32A25FEE2004AD49D /* Preview Assets.xcassets */ = {isa = PBXFileReference; lastKnownFileType = folder.assetcatalog; path = "Preview Assets.xcassets"; sourceTree = "<group>"; };
		DC501FC52A263249004AD49D /* PaymentErrorResponse.swift */ = {isa = PBXFileReference; lastKnownFileType = sourcecode.swift; path = PaymentErrorResponse.swift; sourceTree = "<group>"; };
		DC501FC92A263D3F004AD49D /* HMACCaculator.swift */ = {isa = PBXFileReference; lastKnownFileType = sourcecode.swift; path = HMACCaculator.swift; sourceTree = "<group>"; };
/* End PBXFileReference section */

/* Begin PBXFrameworksBuildPhase section */
		DC501F1A2A1F5DEF004AD49D /* Frameworks */ = {
			isa = PBXFrameworksBuildPhase;
			buildActionMask = 2147483647;
			files = (
				DC3689872A499B5C00FB2D71 /* RealmSwift in Frameworks */,
				DC3689852A499B5C00FB2D71 /* Realm in Frameworks */,
			);
			runOnlyForDeploymentPostprocessing = 0;
		};
		DC501F242A1F5DEF004AD49D /* Frameworks */ = {
			isa = PBXFrameworksBuildPhase;
			buildActionMask = 2147483647;
			files = (
				DC3689832A499B0B00FB2D71 /* Realm in Frameworks */,
				DC3689812A499B0400FB2D71 /* RealmSwift in Frameworks */,
				DC501F282A1F5DEF004AD49D /* paytrail_ios_sdk.framework in Frameworks */,
			);
			runOnlyForDeploymentPostprocessing = 0;
		};
		DC501FA72A25FEDF004AD49D /* Frameworks */ = {
			isa = PBXFrameworksBuildPhase;
			buildActionMask = 2147483647;
			files = (
				DC3689792A432E6700FB2D71 /* RealmSwift in Frameworks */,
			);
			runOnlyForDeploymentPostprocessing = 0;
		};
/* End PBXFrameworksBuildPhase section */

/* Begin PBXGroup section */
		DC36891F2A32075C00FB2D71 /* Requests */ = {
			isa = PBXGroup;
			children = (
				DC501F9F2A24E333004AD49D /* CreatePaymentDataRequest.swift */,
				DC36891B2A31D66700FB2D71 /* PaymentImageDataRequest.swift */,
				DC36894D2A3C9C7800FB2D71 /* GetPaymentDataRequest.swift */,
				DC3689732A431D8E00FB2D71 /* CardTokenizationRequest.swift */,
				DC3689922A4AD8EE00FB2D71 /* CreateTokenPaymentDataRequest.swift */,
			);
			path = Requests;
			sourceTree = "<group>";
		};
		DC3689202A3330A300FB2D71 /* Components */ = {
			isa = PBXGroup;
			children = (
				DC3689232A37266600FB2D71 /* BackButton.swift */,
				DC3689332A38709D00FB2D71 /* GroupedGrid.swift */,
			);
			path = Components;
			sourceTree = "<group>";
		};
		DC36892D2A374B6D00FB2D71 /* Views */ = {
			isa = PBXGroup;
			children = (
				DC3689C02A56BC9500FB2D71 /* Components */,
				DC3689212A33312300FB2D71 /* PaymentWebView.swift */,
				DC3689BC2A559B4800FB2D71 /* PaymentProvidersView.swift */,
				DC3689C52A56E40000FB2D71 /* PaytrailThemes.swift */,
			);
			path = Views;
			sourceTree = "<group>";
		};
		DC36892E2A386BCC00FB2D71 /* Extensions */ = {
			isa = PBXGroup;
			children = (
				DC36892F2A386BE900FB2D71 /* View+Extension.swift */,
			);
			path = Extensions;
			sourceTree = "<group>";
		};
		DC3689372A3B125500FB2D71 /* Mocks */ = {
			isa = PBXGroup;
			children = (
				DC3689382A3B12EB00FB2D71 /* Provider.json */,
				DC36893C2A3B316200FB2D71 /* ProviderInvalid.json */,
			);
			path = Mocks;
			sourceTree = "<group>";
		};
		DC3689442A3C966400FB2D71 /* GetPayment */ = {
			isa = PBXGroup;
			children = (
				DC3689452A3C96B300FB2D71 /* Payment.swift */,
			);
			path = GetPayment;
			sourceTree = "<group>";
		};
		DC3689552A41BD3F00FB2D71 /* CardTokenAPIs */ = {
			isa = PBXGroup;
			children = (
				DC3689562A41BD8200FB2D71 /* PaytrailCardTokenAPIs.swift */,
			);
			path = CardTokenAPIs;
			sourceTree = "<group>";
		};
		DC3689662A430A8100FB2D71 /* AddCard */ = {
			isa = PBXGroup;
			children = (
				DC3689672A430A9700FB2D71 /* TokenizationRequestResponse.swift */,
				DC36896B2A4319D300FB2D71 /* Card.swift */,
				DC36896F2A431B5F00FB2D71 /* TokenCustomerDetails.swift */,
				DC3689B42A52FD0900FB2D71 /* TokenizationResult.swift */,
			);
			path = AddCard;
			sourceTree = "<group>";
		};
		DC36897A2A43300700FB2D71 /* Models */ = {
			isa = PBXGroup;
			children = (
				DC36897B2A43305500FB2D71 /* TokenizedCard.swift */,
			);
			path = Models;
			sourceTree = "<group>";
		};
		DC36897F2A499B0400FB2D71 /* Frameworks */ = {
			isa = PBXGroup;
			children = (
			);
			name = Frameworks;
			sourceTree = "<group>";
		};
		DC3689962A4AD99C00FB2D71 /* CreateTokenPayment */ = {
			isa = PBXGroup;
			children = (
				DC3689972A4ADA0000FB2D71 /* TokenPaymentRequestResponse.swift */,
			);
			path = CreateTokenPayment;
			sourceTree = "<group>";
		};
		DC3689A72A4C78B200FB2D71 /* Services */ = {
			isa = PBXGroup;
			children = (
				DC501F382A1FA2DF004AD49D /* NetworkMethods.swift */,
				DC501F3B2A1FA3C1004AD49D /* NetworkService.swift */,
				DC36899F2A4C61B300FB2D71 /* NormalPaymentNetworkService.swift */,
				DC3689A32A4C67E800FB2D71 /* TokenPaymentNetworkService.swift */,
			);
			path = Services;
			sourceTree = "<group>";
		};
		DC3689C02A56BC9500FB2D71 /* Components */ = {
			isa = PBXGroup;
			children = (
				DC3689C12A56BCE000FB2D71 /* GroupedGridView.swift */,
				DC3689C92A56F4FA00FB2D71 /* View+Extensions.swift */,
			);
			path = Components;
			sourceTree = "<group>";
		};
		DC501F132A1F5DEF004AD49D = {
			isa = PBXGroup;
			children = (
				DC501F1F2A1F5DEF004AD49D /* paytrail-ios-sdk */,
				DC501F2B2A1F5DEF004AD49D /* paytrail-ios-sdkTests */,
				DC501FAB2A25FEDF004AD49D /* PaytrailSdkExamples */,
				DC501F1E2A1F5DEF004AD49D /* Products */,
				DC36897F2A499B0400FB2D71 /* Frameworks */,
			);
			sourceTree = "<group>";
		};
		DC501F1E2A1F5DEF004AD49D /* Products */ = {
			isa = PBXGroup;
			children = (
				DC501F1D2A1F5DEF004AD49D /* paytrail_ios_sdk.framework */,
				DC501F272A1F5DEF004AD49D /* paytrail-ios-sdkTests.xctest */,
				DC501FAA2A25FEDF004AD49D /* PaytrailSdkExamples.app */,
			);
			name = Products;
			sourceTree = "<group>";
		};
		DC501F1F2A1F5DEF004AD49D /* paytrail-ios-sdk */ = {
			isa = PBXGroup;
			children = (
				DC36892D2A374B6D00FB2D71 /* Views */,
				DC501FA22A25EDA7004AD49D /* Utils */,
				DC501F372A1FA152004AD49D /* Networking */,
				DC501F3E2A20AB54004AD49D /* PaytrailAPIs */,
				DC501F202A1F5DEF004AD49D /* paytrail_ios_sdk.h */,
				DC501F212A1F5DEF004AD49D /* paytrail_ios_sdk.docc */,
			);
			path = "paytrail-ios-sdk";
			sourceTree = "<group>";
		};
		DC501F2B2A1F5DEF004AD49D /* paytrail-ios-sdkTests */ = {
			isa = PBXGroup;
			children = (
				DC3689372A3B125500FB2D71 /* Mocks */,
				DC501F2C2A1F5DEF004AD49D /* CreatePaymentApiTestSuite.swift */,
				DC3689512A3CA91100FB2D71 /* GetPaymentApiTestSuite.swift */,
				DC36897D2A4988B800FB2D71 /* CardTokenApiTestSuite.swift */,
			);
			path = "paytrail-ios-sdkTests";
			sourceTree = "<group>";
		};
		DC501F372A1FA152004AD49D /* Networking */ = {
			isa = PBXGroup;
			children = (
				DC3689A72A4C78B200FB2D71 /* Services */,
				DC36891F2A32075C00FB2D71 /* Requests */,
				DC501F782A24AD59004AD49D /* Models */,
			);
			path = Networking;
			sourceTree = "<group>";
		};
		DC501F3E2A20AB54004AD49D /* PaytrailAPIs */ = {
			isa = PBXGroup;
			children = (
				DC3689552A41BD3F00FB2D71 /* CardTokenAPIs */,
				DC501F9E2A24E2EA004AD49D /* PaymentsAPIs */,
				DC3689172A2E1DD800FB2D71 /* PaytrailMerchant.swift */,
				DC3689622A43041800FB2D71 /* PaymentDelegate.swift */,
			);
			path = PaytrailAPIs;
			sourceTree = "<group>";
		};
		DC501F782A24AD59004AD49D /* Models */ = {
			isa = PBXGroup;
			children = (
				DC3689962A4AD99C00FB2D71 /* CreateTokenPayment */,
				DC3689662A430A8100FB2D71 /* AddCard */,
				DC3689442A3C966400FB2D71 /* GetPayment */,
				DC501F792A24B24E004AD49D /* CreatePayment */,
				DC36899B2A4C550000FB2D71 /* PaytrailError.swift */,
			);
			path = Models;
			sourceTree = "<group>";
		};
		DC501F792A24B24E004AD49D /* CreatePayment */ = {
			isa = PBXGroup;
			children = (
				DC501F7A2A24B272004AD49D /* PaymentRequestBody.swift */,
				DC501F892A24D652004AD49D /* PaymentRequestResponse.swift */,
				DC501F8C2A24D6C6004AD49D /* PaymentMethodProvider.swift */,
				DC501F8F2A24D750004AD49D /* CustomProvider.swift */,
				DC501F922A24D7E0004AD49D /* PaymentMethodGroup.swift */,
				DC501F952A24D858004AD49D /* PTApplePay.swift */,
				DC501F982A24D92D004AD49D /* Parameter.swift */,
				DC501FC52A263249004AD49D /* PaymentErrorResponse.swift */,
				DC3689292A37440100FB2D71 /* PaymentStatus.swift */,
				DC3689492A3C9AE600FB2D71 /* Currency.swift */,
				DC3689B02A52E13A00FB2D71 /* PaymentResult.swift */,
			);
			path = CreatePayment;
			sourceTree = "<group>";
		};
		DC501F9E2A24E2EA004AD49D /* PaymentsAPIs */ = {
			isa = PBXGroup;
			children = (
				DC501F9B2A24E01B004AD49D /* CreatePaymentAPI.swift */,
				DC3689402A3C95A800FB2D71 /* GetPaymentAPI.swift */,
			);
			path = PaymentsAPIs;
			sourceTree = "<group>";
		};
		DC501FA22A25EDA7004AD49D /* Utils */ = {
			isa = PBXGroup;
			children = (
				DC501FA32A25EDD1004AD49D /* JSONHandler.swift */,
				DC501FC92A263D3F004AD49D /* HMACCaculator.swift */,
				DC3689252A373D0900FB2D71 /* UrlStringHandler.swift */,
				DC36895E2A42FC2800FB2D71 /* DateHandler.swift */,
				DC36898E2A49B79900FB2D71 /* Constants.swift */,
			);
			path = Utils;
			sourceTree = "<group>";
		};
		DC501FAB2A25FEDF004AD49D /* PaytrailSdkExamples */ = {
			isa = PBXGroup;
			children = (
				DC36897A2A43300700FB2D71 /* Models */,
				DC36892E2A386BCC00FB2D71 /* Extensions */,
				DC3689202A3330A300FB2D71 /* Components */,
				DC501FAC2A25FEDF004AD49D /* PaytrailSdkExamplesApp.swift */,
				DC36895A2A41E4C700FB2D71 /* AddCardView.swift */,
				DC501FAE2A25FEDF004AD49D /* ContentView.swift */,
				DC3689AC2A4DBA0D00FB2D71 /* ProductCheckoutView.swift */,
				DC501FB02A25FEE2004AD49D /* Assets.xcassets */,
				DC501FB22A25FEE2004AD49D /* Preview Content */,
			);
			path = PaytrailSdkExamples;
			sourceTree = "<group>";
		};
		DC501FB22A25FEE2004AD49D /* Preview Content */ = {
			isa = PBXGroup;
			children = (
				DC501FB32A25FEE2004AD49D /* Preview Assets.xcassets */,
			);
			path = "Preview Content";
			sourceTree = "<group>";
		};
/* End PBXGroup section */

/* Begin PBXHeadersBuildPhase section */
		DC501F182A1F5DEF004AD49D /* Headers */ = {
			isa = PBXHeadersBuildPhase;
			buildActionMask = 2147483647;
			files = (
				DC501F2E2A1F5DEF004AD49D /* paytrail_ios_sdk.h in Headers */,
			);
			runOnlyForDeploymentPostprocessing = 0;
		};
/* End PBXHeadersBuildPhase section */

/* Begin PBXNativeTarget section */
		DC501F1C2A1F5DEF004AD49D /* paytrail-ios-sdk */ = {
			isa = PBXNativeTarget;
			buildConfigurationList = DC501F312A1F5DEF004AD49D /* Build configuration list for PBXNativeTarget "paytrail-ios-sdk" */;
			buildPhases = (
				DC501F182A1F5DEF004AD49D /* Headers */,
				DC501F192A1F5DEF004AD49D /* Sources */,
				DC501F1A2A1F5DEF004AD49D /* Frameworks */,
				DC501F1B2A1F5DEF004AD49D /* Resources */,
			);
			buildRules = (
			);
			dependencies = (
			);
			name = "paytrail-ios-sdk";
			packageProductDependencies = (
				DC3689842A499B5C00FB2D71 /* Realm */,
				DC3689862A499B5C00FB2D71 /* RealmSwift */,
			);
			productName = "paytrail-ios-sdk";
			productReference = DC501F1D2A1F5DEF004AD49D /* paytrail_ios_sdk.framework */;
			productType = "com.apple.product-type.framework";
		};
		DC501F262A1F5DEF004AD49D /* paytrail-ios-sdkTests */ = {
			isa = PBXNativeTarget;
			buildConfigurationList = DC501F342A1F5DEF004AD49D /* Build configuration list for PBXNativeTarget "paytrail-ios-sdkTests" */;
			buildPhases = (
				DC501F232A1F5DEF004AD49D /* Sources */,
				DC501F242A1F5DEF004AD49D /* Frameworks */,
				DC501F252A1F5DEF004AD49D /* Resources */,
			);
			buildRules = (
			);
			dependencies = (
				DC501F2A2A1F5DEF004AD49D /* PBXTargetDependency */,
			);
			name = "paytrail-ios-sdkTests";
			packageProductDependencies = (
				DC3689802A499B0400FB2D71 /* RealmSwift */,
				DC3689822A499B0B00FB2D71 /* Realm */,
			);
			productName = "paytrail-ios-sdkTests";
			productReference = DC501F272A1F5DEF004AD49D /* paytrail-ios-sdkTests.xctest */;
			productType = "com.apple.product-type.bundle.unit-test";
		};
		DC501FA92A25FEDF004AD49D /* PaytrailSdkExamples */ = {
			isa = PBXNativeTarget;
			buildConfigurationList = DC501FB52A25FEE2004AD49D /* Build configuration list for PBXNativeTarget "PaytrailSdkExamples" */;
			buildPhases = (
				DC501FA62A25FEDF004AD49D /* Sources */,
				DC501FA72A25FEDF004AD49D /* Frameworks */,
				DC501FA82A25FEDF004AD49D /* Resources */,
			);
			buildRules = (
			);
			dependencies = (
			);
			name = PaytrailSdkExamples;
			packageProductDependencies = (
				DC3689782A432E6700FB2D71 /* RealmSwift */,
			);
			productName = PaytrailSdkExamples;
			productReference = DC501FAA2A25FEDF004AD49D /* PaytrailSdkExamples.app */;
			productType = "com.apple.product-type.application";
		};
/* End PBXNativeTarget section */

/* Begin PBXProject section */
		DC501F142A1F5DEF004AD49D /* Project object */ = {
			isa = PBXProject;
			attributes = {
				BuildIndependentTargetsInParallel = 1;
				LastSwiftUpdateCheck = 1420;
				LastUpgradeCheck = 1420;
				TargetAttributes = {
					DC501F1C2A1F5DEF004AD49D = {
						CreatedOnToolsVersion = 14.2;
					};
					DC501F262A1F5DEF004AD49D = {
						CreatedOnToolsVersion = 14.2;
					};
					DC501FA92A25FEDF004AD49D = {
						CreatedOnToolsVersion = 14.2;
					};
				};
			};
			buildConfigurationList = DC501F172A1F5DEF004AD49D /* Build configuration list for PBXProject "paytrail-ios-sdk" */;
			compatibilityVersion = "Xcode 14.0";
			developmentRegion = en;
			hasScannedForEncodings = 0;
			knownRegions = (
				en,
				Base,
			);
			mainGroup = DC501F132A1F5DEF004AD49D;
			packageReferences = (
				DC3689772A432E6700FB2D71 /* XCRemoteSwiftPackageReference "realm-swift" */,
			);
			productRefGroup = DC501F1E2A1F5DEF004AD49D /* Products */;
			projectDirPath = "";
			projectRoot = "";
			targets = (
				DC501F1C2A1F5DEF004AD49D /* paytrail-ios-sdk */,
				DC501F262A1F5DEF004AD49D /* paytrail-ios-sdkTests */,
				DC501FA92A25FEDF004AD49D /* PaytrailSdkExamples */,
			);
		};
/* End PBXProject section */

/* Begin PBXResourcesBuildPhase section */
		DC501F1B2A1F5DEF004AD49D /* Resources */ = {
			isa = PBXResourcesBuildPhase;
			buildActionMask = 2147483647;
			files = (
				DC36893D2A3B316200FB2D71 /* ProviderInvalid.json in Resources */,
				DC3689392A3B12EB00FB2D71 /* Provider.json in Resources */,
			);
			runOnlyForDeploymentPostprocessing = 0;
		};
		DC501F252A1F5DEF004AD49D /* Resources */ = {
			isa = PBXResourcesBuildPhase;
			buildActionMask = 2147483647;
			files = (
				DC36893E2A3B316200FB2D71 /* ProviderInvalid.json in Resources */,
				DC36893A2A3B12EB00FB2D71 /* Provider.json in Resources */,
			);
			runOnlyForDeploymentPostprocessing = 0;
		};
		DC501FA82A25FEDF004AD49D /* Resources */ = {
			isa = PBXResourcesBuildPhase;
			buildActionMask = 2147483647;
			files = (
				DC501FB42A25FEE2004AD49D /* Preview Assets.xcassets in Resources */,
				DC501FB12A25FEE2004AD49D /* Assets.xcassets in Resources */,
				DC36893F2A3B316200FB2D71 /* ProviderInvalid.json in Resources */,
				DC36893B2A3B12EB00FB2D71 /* Provider.json in Resources */,
			);
			runOnlyForDeploymentPostprocessing = 0;
		};
/* End PBXResourcesBuildPhase section */

/* Begin PBXSourcesBuildPhase section */
		DC501F192A1F5DEF004AD49D /* Sources */ = {
			isa = PBXSourcesBuildPhase;
			buildActionMask = 2147483647;
			files = (
				DC36895F2A42FC2800FB2D71 /* DateHandler.swift in Sources */,
				DC3689572A41BD8200FB2D71 /* PaytrailCardTokenAPIs.swift in Sources */,
				DC3689932A4AD8EE00FB2D71 /* CreateTokenPaymentDataRequest.swift in Sources */,
				DC501FC62A263249004AD49D /* PaymentErrorResponse.swift in Sources */,
				DC3689882A499B9200FB2D71 /* TokenizedCard.swift in Sources */,
				DC3689982A4ADA0000FB2D71 /* TokenPaymentRequestResponse.swift in Sources */,
				DC501F9C2A24E01B004AD49D /* CreatePaymentAPI.swift in Sources */,
				DC3689CA2A56F4FA00FB2D71 /* View+Extensions.swift in Sources */,
				DC501F222A1F5DEF004AD49D /* paytrail_ios_sdk.docc in Sources */,
				DC3689682A430A9700FB2D71 /* TokenizationRequestResponse.swift in Sources */,
				DC36894E2A3C9C7800FB2D71 /* GetPaymentDataRequest.swift in Sources */,
				DC3689A02A4C61B300FB2D71 /* NormalPaymentNetworkService.swift in Sources */,
				DC3689342A38709D00FB2D71 /* GroupedGrid.swift in Sources */,
				DC3689A42A4C67E800FB2D71 /* TokenPaymentNetworkService.swift in Sources */,
				DC36896C2A4319D300FB2D71 /* Card.swift in Sources */,
				DC3689C22A56BCE000FB2D71 /* GroupedGridView.swift in Sources */,
				DC3689262A373D0900FB2D71 /* UrlStringHandler.swift in Sources */,
				DC3689182A2E1DD800FB2D71 /* PaytrailMerchant.swift in Sources */,
				DC3689C62A56E40000FB2D71 /* PaytrailThemes.swift in Sources */,
				DC36898A2A499BD600FB2D71 /* PaymentWebView.swift in Sources */,
				DC36894A2A3C9AE600FB2D71 /* Currency.swift in Sources */,
				DC501F3C2A1FA3C1004AD49D /* NetworkService.swift in Sources */,
				DC501FCA2A263D3F004AD49D /* HMACCaculator.swift in Sources */,
				DC3689702A431B5F00FB2D71 /* TokenCustomerDetails.swift in Sources */,
				DC36892A2A37440100FB2D71 /* PaymentStatus.swift in Sources */,
				DC501FA02A24E333004AD49D /* CreatePaymentDataRequest.swift in Sources */,
				DC501F8A2A24D652004AD49D /* PaymentRequestResponse.swift in Sources */,
				DC36899C2A4C550000FB2D71 /* PaytrailError.swift in Sources */,
				DC501FA42A25EDD1004AD49D /* JSONHandler.swift in Sources */,
				DC3689AD2A4DBA0D00FB2D71 /* ProductCheckoutView.swift in Sources */,
				DC501F902A24D750004AD49D /* CustomProvider.swift in Sources */,
				DC3689742A431D8E00FB2D71 /* CardTokenizationRequest.swift in Sources */,
				DC501F992A24D92D004AD49D /* Parameter.swift in Sources */,
				DC501F8D2A24D6C6004AD49D /* PaymentMethodProvider.swift in Sources */,
				DC501F932A24D7E0004AD49D /* PaymentMethodGroup.swift in Sources */,
				DC3689632A43041800FB2D71 /* PaymentDelegate.swift in Sources */,
				DC501F962A24D858004AD49D /* PTApplePay.swift in Sources */,
				DC501F7B2A24B272004AD49D /* PaymentRequestBody.swift in Sources */,
				DC3689B52A52FD0900FB2D71 /* TokenizationResult.swift in Sources */,
				DC36891C2A31D66700FB2D71 /* PaymentImageDataRequest.swift in Sources */,
				DC3689302A386BE900FB2D71 /* View+Extension.swift in Sources */,
				DC501F392A1FA2DF004AD49D /* NetworkMethods.swift in Sources */,
				DC36898C2A499C0000FB2D71 /* BackButton.swift in Sources */,
				DC3689B82A54199500FB2D71 /* ContentView.swift in Sources */,
				DC3689462A3C96B300FB2D71 /* Payment.swift in Sources */,
				DC3689412A3C95A800FB2D71 /* GetPaymentAPI.swift in Sources */,
				DC36898F2A49B79900FB2D71 /* Constants.swift in Sources */,
				DC3689BD2A559B4800FB2D71 /* PaymentProvidersView.swift in Sources */,
				DC36895B2A41E4C700FB2D71 /* AddCardView.swift in Sources */,
				DC3689BB2A54199B00FB2D71 /* PaytrailSdkExamplesApp.swift in Sources */,
				DC3689B12A52E13A00FB2D71 /* PaymentResult.swift in Sources */,
			);
			runOnlyForDeploymentPostprocessing = 0;
		};
		DC501F232A1F5DEF004AD49D /* Sources */ = {
			isa = PBXSourcesBuildPhase;
			buildActionMask = 2147483647;
			files = (
				DC36898D2A499C0000FB2D71 /* BackButton.swift in Sources */,
				DC501FC72A263249004AD49D /* PaymentErrorResponse.swift in Sources */,
				DC3689B92A54199500FB2D71 /* ContentView.swift in Sources */,
				DC501F9D2A24E01B004AD49D /* CreatePaymentAPI.swift in Sources */,
				DC501F2D2A1F5DEF004AD49D /* CreatePaymentApiTestSuite.swift in Sources */,
				DC3689942A4AD8EE00FB2D71 /* CreateTokenPaymentDataRequest.swift in Sources */,
				DC36894F2A3C9C7800FB2D71 /* GetPaymentDataRequest.swift in Sources */,
				DC3689CB2A56F4FA00FB2D71 /* View+Extensions.swift in Sources */,
				DC3689352A38709D00FB2D71 /* GroupedGrid.swift in Sources */,
				DC3689712A431B5F00FB2D71 /* TokenCustomerDetails.swift in Sources */,
				DC3689602A42FC2800FB2D71 /* DateHandler.swift in Sources */,
				DC3689272A373D0900FB2D71 /* UrlStringHandler.swift in Sources */,
				DC36895C2A41E4C700FB2D71 /* AddCardView.swift in Sources */,
				DC3689192A2E1DD800FB2D71 /* PaytrailMerchant.swift in Sources */,
				DC3689752A431D8E00FB2D71 /* CardTokenizationRequest.swift in Sources */,
				DC36894B2A3C9AE600FB2D71 /* Currency.swift in Sources */,
				DC501F3D2A1FA3C1004AD49D /* NetworkService.swift in Sources */,
				DC3689992A4ADA0000FB2D71 /* TokenPaymentRequestResponse.swift in Sources */,
				DC501FCB2A263D3F004AD49D /* HMACCaculator.swift in Sources */,
				DC36892B2A37440100FB2D71 /* PaymentStatus.swift in Sources */,
				DC3689692A430A9700FB2D71 /* TokenizationRequestResponse.swift in Sources */,
				DC501FA12A24E333004AD49D /* CreatePaymentDataRequest.swift in Sources */,
				DC501F8B2A24D652004AD49D /* PaymentRequestResponse.swift in Sources */,
				DC3689C32A56BCE000FB2D71 /* GroupedGridView.swift in Sources */,
				DC3689532A3CA91100FB2D71 /* GetPaymentApiTestSuite.swift in Sources */,
				DC3689902A49B79900FB2D71 /* Constants.swift in Sources */,
				DC3689BE2A559B4800FB2D71 /* PaymentProvidersView.swift in Sources */,
				DC501FA52A25EDD1004AD49D /* JSONHandler.swift in Sources */,
				DC3689C72A56E40000FB2D71 /* PaytrailThemes.swift in Sources */,
				DC3689642A43041800FB2D71 /* PaymentDelegate.swift in Sources */,
				DC501F912A24D750004AD49D /* CustomProvider.swift in Sources */,
				DC36897E2A4988B800FB2D71 /* CardTokenApiTestSuite.swift in Sources */,
				DC501F9A2A24D92D004AD49D /* Parameter.swift in Sources */,
				DC501F8E2A24D6C6004AD49D /* PaymentMethodProvider.swift in Sources */,
				DC3689892A499B9300FB2D71 /* TokenizedCard.swift in Sources */,
				DC501F942A24D7E0004AD49D /* PaymentMethodGroup.swift in Sources */,
				DC501F972A24D858004AD49D /* PTApplePay.swift in Sources */,
				DC501F7C2A24B272004AD49D /* PaymentRequestBody.swift in Sources */,
				DC36891D2A31D66700FB2D71 /* PaymentImageDataRequest.swift in Sources */,
				DC3689AE2A4DBA0D00FB2D71 /* ProductCheckoutView.swift in Sources */,
				DC3689BA2A54199B00FB2D71 /* PaytrailSdkExamplesApp.swift in Sources */,
				DC3689A12A4C61B300FB2D71 /* NormalPaymentNetworkService.swift in Sources */,
				DC3689312A386BE900FB2D71 /* View+Extension.swift in Sources */,
				DC3689B22A52E13A00FB2D71 /* PaymentResult.swift in Sources */,
				DC36898B2A499BD700FB2D71 /* PaymentWebView.swift in Sources */,
				DC36899D2A4C550000FB2D71 /* PaytrailError.swift in Sources */,
				DC501F3A2A1FA2DF004AD49D /* NetworkMethods.swift in Sources */,
				DC3689472A3C96B300FB2D71 /* Payment.swift in Sources */,
				DC3689422A3C95A800FB2D71 /* GetPaymentAPI.swift in Sources */,
				DC3689582A41BD8200FB2D71 /* PaytrailCardTokenAPIs.swift in Sources */,
				DC3689A52A4C67E800FB2D71 /* TokenPaymentNetworkService.swift in Sources */,
				DC3689B62A52FD0900FB2D71 /* TokenizationResult.swift in Sources */,
				DC36896D2A4319D300FB2D71 /* Card.swift in Sources */,
			);
			runOnlyForDeploymentPostprocessing = 0;
		};
		DC501FA62A25FEDF004AD49D /* Sources */ = {
			isa = PBXSourcesBuildPhase;
			buildActionMask = 2147483647;
			files = (
				DC501FBB2A2606D5004AD49D /* PaymentRequestBody.swift in Sources */,
				DC3689912A49B79900FB2D71 /* Constants.swift in Sources */,
				DC3689222A33312300FB2D71 /* PaymentWebView.swift in Sources */,
				DC501FC42A2606F8004AD49D /* JSONHandler.swift in Sources */,
				DC3689282A373D0900FB2D71 /* UrlStringHandler.swift in Sources */,
				DC501FC22A2606ED004AD49D /* NetworkMethods.swift in Sources */,
				DC501FCC2A263D3F004AD49D /* HMACCaculator.swift in Sources */,
				DC3689C42A56BCE000FB2D71 /* GroupedGridView.swift in Sources */,
				DC3689242A37266600FB2D71 /* BackButton.swift in Sources */,
				DC501FBC2A2606DD004AD49D /* PaymentRequestResponse.swift in Sources */,
				DC36891A2A2E1DD800FB2D71 /* PaytrailMerchant.swift in Sources */,
				DC3689AF2A4DBA0D00FB2D71 /* ProductCheckoutView.swift in Sources */,
				DC3689BF2A559B4800FB2D71 /* PaymentProvidersView.swift in Sources */,
				DC3689652A43041800FB2D71 /* PaymentDelegate.swift in Sources */,
				DC36892C2A37440100FB2D71 /* PaymentStatus.swift in Sources */,
				DC3689A22A4C61B300FB2D71 /* NormalPaymentNetworkService.swift in Sources */,
				DC3689322A386BE900FB2D71 /* View+Extension.swift in Sources */,
				DC501FB82A2606C3004AD49D /* CreatePaymentAPI.swift in Sources */,
				DC36894C2A3C9AE600FB2D71 /* Currency.swift in Sources */,
				DC3689762A431D8E00FB2D71 /* CardTokenizationRequest.swift in Sources */,
				DC501FC82A263249004AD49D /* PaymentErrorResponse.swift in Sources */,
				DC36899A2A4ADA0000FB2D71 /* TokenPaymentRequestResponse.swift in Sources */,
				DC36895D2A41E4C700FB2D71 /* AddCardView.swift in Sources */,
				DC501FC12A2606EB004AD49D /* Parameter.swift in Sources */,
				DC36896A2A430A9700FB2D71 /* TokenizationRequestResponse.swift in Sources */,
				DC3689B72A52FD0900FB2D71 /* TokenizationResult.swift in Sources */,
				DC3689A62A4C67E800FB2D71 /* TokenPaymentNetworkService.swift in Sources */,
				DC36891E2A31D66700FB2D71 /* PaymentImageDataRequest.swift in Sources */,
				DC3689612A42FC2800FB2D71 /* DateHandler.swift in Sources */,
				DC36899E2A4C550000FB2D71 /* PaytrailError.swift in Sources */,
				DC501FAF2A25FEDF004AD49D /* ContentView.swift in Sources */,
				DC501FC32A2606F1004AD49D /* NetworkService.swift in Sources */,
				DC36897C2A43305500FB2D71 /* TokenizedCard.swift in Sources */,
				DC3689502A3C9C7800FB2D71 /* GetPaymentDataRequest.swift in Sources */,
				DC36896E2A4319D300FB2D71 /* Card.swift in Sources */,
				DC3689362A38709D00FB2D71 /* GroupedGrid.swift in Sources */,
				DC3689592A41BD8200FB2D71 /* PaytrailCardTokenAPIs.swift in Sources */,
				DC501FC02A2606E8004AD49D /* PTApplePay.swift in Sources */,
				DC3689CC2A56F4FA00FB2D71 /* View+Extensions.swift in Sources */,
				DC501FBD2A2606E0004AD49D /* PaymentMethodProvider.swift in Sources */,
				DC3689952A4AD8EE00FB2D71 /* CreateTokenPaymentDataRequest.swift in Sources */,
				DC501FB92A2606D1004AD49D /* CreatePaymentDataRequest.swift in Sources */,
				DC3689C82A56E40000FB2D71 /* PaytrailThemes.swift in Sources */,
				DC3689722A431B5F00FB2D71 /* TokenCustomerDetails.swift in Sources */,
				DC501FAD2A25FEDF004AD49D /* PaytrailSdkExamplesApp.swift in Sources */,
				DC3689B32A52E13A00FB2D71 /* PaymentResult.swift in Sources */,
				DC501FBF2A2606E6004AD49D /* PaymentMethodGroup.swift in Sources */,
				DC3689432A3C95A800FB2D71 /* GetPaymentAPI.swift in Sources */,
				DC3689482A3C96B300FB2D71 /* Payment.swift in Sources */,
				DC501FBE2A2606E3004AD49D /* CustomProvider.swift in Sources */,
			);
			runOnlyForDeploymentPostprocessing = 0;
		};
/* End PBXSourcesBuildPhase section */

/* Begin PBXTargetDependency section */
		DC501F2A2A1F5DEF004AD49D /* PBXTargetDependency */ = {
			isa = PBXTargetDependency;
			target = DC501F1C2A1F5DEF004AD49D /* paytrail-ios-sdk */;
			targetProxy = DC501F292A1F5DEF004AD49D /* PBXContainerItemProxy */;
		};
/* End PBXTargetDependency section */

/* Begin XCBuildConfiguration section */
		DC501F2F2A1F5DEF004AD49D /* Debug */ = {
			isa = XCBuildConfiguration;
			buildSettings = {
				ALWAYS_SEARCH_USER_PATHS = NO;
				CLANG_ANALYZER_NONNULL = YES;
				CLANG_ANALYZER_NUMBER_OBJECT_CONVERSION = YES_AGGRESSIVE;
				CLANG_CXX_LANGUAGE_STANDARD = "gnu++20";
				CLANG_ENABLE_MODULES = YES;
				CLANG_ENABLE_OBJC_ARC = YES;
				CLANG_ENABLE_OBJC_WEAK = YES;
				CLANG_WARN_BLOCK_CAPTURE_AUTORELEASING = YES;
				CLANG_WARN_BOOL_CONVERSION = YES;
				CLANG_WARN_COMMA = YES;
				CLANG_WARN_CONSTANT_CONVERSION = YES;
				CLANG_WARN_DEPRECATED_OBJC_IMPLEMENTATIONS = YES;
				CLANG_WARN_DIRECT_OBJC_ISA_USAGE = YES_ERROR;
				CLANG_WARN_DOCUMENTATION_COMMENTS = YES;
				CLANG_WARN_EMPTY_BODY = YES;
				CLANG_WARN_ENUM_CONVERSION = YES;
				CLANG_WARN_INFINITE_RECURSION = YES;
				CLANG_WARN_INT_CONVERSION = YES;
				CLANG_WARN_NON_LITERAL_NULL_CONVERSION = YES;
				CLANG_WARN_OBJC_IMPLICIT_RETAIN_SELF = YES;
				CLANG_WARN_OBJC_LITERAL_CONVERSION = YES;
				CLANG_WARN_OBJC_ROOT_CLASS = YES_ERROR;
				CLANG_WARN_QUOTED_INCLUDE_IN_FRAMEWORK_HEADER = YES;
				CLANG_WARN_RANGE_LOOP_ANALYSIS = YES;
				CLANG_WARN_STRICT_PROTOTYPES = YES;
				CLANG_WARN_SUSPICIOUS_MOVE = YES;
				CLANG_WARN_UNGUARDED_AVAILABILITY = YES_AGGRESSIVE;
				CLANG_WARN_UNREACHABLE_CODE = YES;
				CLANG_WARN__DUPLICATE_METHOD_MATCH = YES;
				COPY_PHASE_STRIP = NO;
				CURRENT_PROJECT_VERSION = 1;
				DEBUG_INFORMATION_FORMAT = dwarf;
				ENABLE_STRICT_OBJC_MSGSEND = YES;
				ENABLE_TESTABILITY = YES;
				GCC_C_LANGUAGE_STANDARD = gnu11;
				GCC_DYNAMIC_NO_PIC = NO;
				GCC_NO_COMMON_BLOCKS = YES;
				GCC_OPTIMIZATION_LEVEL = 0;
				GCC_PREPROCESSOR_DEFINITIONS = (
					"DEBUG=1",
					"$(inherited)",
				);
				GCC_WARN_64_TO_32_BIT_CONVERSION = YES;
				GCC_WARN_ABOUT_RETURN_TYPE = YES_ERROR;
				GCC_WARN_UNDECLARED_SELECTOR = YES;
				GCC_WARN_UNINITIALIZED_AUTOS = YES_AGGRESSIVE;
				GCC_WARN_UNUSED_FUNCTION = YES;
				GCC_WARN_UNUSED_VARIABLE = YES;
				IPHONEOS_DEPLOYMENT_TARGET = 16.2;
				MTL_ENABLE_DEBUG_INFO = INCLUDE_SOURCE;
				MTL_FAST_MATH = YES;
				ONLY_ACTIVE_ARCH = YES;
				SDKROOT = iphoneos;
				SWIFT_ACTIVE_COMPILATION_CONDITIONS = DEBUG;
				SWIFT_OPTIMIZATION_LEVEL = "-Onone";
				VERSIONING_SYSTEM = "apple-generic";
				VERSION_INFO_PREFIX = "";
			};
			name = Debug;
		};
		DC501F302A1F5DEF004AD49D /* Release */ = {
			isa = XCBuildConfiguration;
			buildSettings = {
				ALWAYS_SEARCH_USER_PATHS = NO;
				CLANG_ANALYZER_NONNULL = YES;
				CLANG_ANALYZER_NUMBER_OBJECT_CONVERSION = YES_AGGRESSIVE;
				CLANG_CXX_LANGUAGE_STANDARD = "gnu++20";
				CLANG_ENABLE_MODULES = YES;
				CLANG_ENABLE_OBJC_ARC = YES;
				CLANG_ENABLE_OBJC_WEAK = YES;
				CLANG_WARN_BLOCK_CAPTURE_AUTORELEASING = YES;
				CLANG_WARN_BOOL_CONVERSION = YES;
				CLANG_WARN_COMMA = YES;
				CLANG_WARN_CONSTANT_CONVERSION = YES;
				CLANG_WARN_DEPRECATED_OBJC_IMPLEMENTATIONS = YES;
				CLANG_WARN_DIRECT_OBJC_ISA_USAGE = YES_ERROR;
				CLANG_WARN_DOCUMENTATION_COMMENTS = YES;
				CLANG_WARN_EMPTY_BODY = YES;
				CLANG_WARN_ENUM_CONVERSION = YES;
				CLANG_WARN_INFINITE_RECURSION = YES;
				CLANG_WARN_INT_CONVERSION = YES;
				CLANG_WARN_NON_LITERAL_NULL_CONVERSION = YES;
				CLANG_WARN_OBJC_IMPLICIT_RETAIN_SELF = YES;
				CLANG_WARN_OBJC_LITERAL_CONVERSION = YES;
				CLANG_WARN_OBJC_ROOT_CLASS = YES_ERROR;
				CLANG_WARN_QUOTED_INCLUDE_IN_FRAMEWORK_HEADER = YES;
				CLANG_WARN_RANGE_LOOP_ANALYSIS = YES;
				CLANG_WARN_STRICT_PROTOTYPES = YES;
				CLANG_WARN_SUSPICIOUS_MOVE = YES;
				CLANG_WARN_UNGUARDED_AVAILABILITY = YES_AGGRESSIVE;
				CLANG_WARN_UNREACHABLE_CODE = YES;
				CLANG_WARN__DUPLICATE_METHOD_MATCH = YES;
				COPY_PHASE_STRIP = NO;
				CURRENT_PROJECT_VERSION = 1;
				DEBUG_INFORMATION_FORMAT = "dwarf-with-dsym";
				ENABLE_NS_ASSERTIONS = NO;
				ENABLE_STRICT_OBJC_MSGSEND = YES;
				GCC_C_LANGUAGE_STANDARD = gnu11;
				GCC_NO_COMMON_BLOCKS = YES;
				GCC_WARN_64_TO_32_BIT_CONVERSION = YES;
				GCC_WARN_ABOUT_RETURN_TYPE = YES_ERROR;
				GCC_WARN_UNDECLARED_SELECTOR = YES;
				GCC_WARN_UNINITIALIZED_AUTOS = YES_AGGRESSIVE;
				GCC_WARN_UNUSED_FUNCTION = YES;
				GCC_WARN_UNUSED_VARIABLE = YES;
				IPHONEOS_DEPLOYMENT_TARGET = 16.2;
				MTL_ENABLE_DEBUG_INFO = NO;
				MTL_FAST_MATH = YES;
				SDKROOT = iphoneos;
				SWIFT_COMPILATION_MODE = wholemodule;
				SWIFT_OPTIMIZATION_LEVEL = "-O";
				VALIDATE_PRODUCT = YES;
				VERSIONING_SYSTEM = "apple-generic";
				VERSION_INFO_PREFIX = "";
			};
			name = Release;
		};
		DC501F322A1F5DEF004AD49D /* Debug */ = {
			isa = XCBuildConfiguration;
			buildSettings = {
				CODE_SIGN_STYLE = Automatic;
				CURRENT_PROJECT_VERSION = 1;
				DEFINES_MODULE = YES;
				DEVELOPMENT_TEAM = 2RLYKMD3U8;
				DYLIB_COMPATIBILITY_VERSION = 1;
				DYLIB_CURRENT_VERSION = 1;
				DYLIB_INSTALL_NAME_BASE = "@rpath";
				GENERATE_INFOPLIST_FILE = YES;
				INFOPLIST_KEY_NSHumanReadableCopyright = "";
				INSTALL_PATH = "$(LOCAL_LIBRARY_DIR)/Frameworks";
				LD_RUNPATH_SEARCH_PATHS = (
					"$(inherited)",
					"@executable_path/Frameworks",
					"@loader_path/Frameworks",
				);
				MARKETING_VERSION = 1.0;
				PRODUCT_BUNDLE_IDENTIFIER = "qvik.paytrail-ios-sdk";
				PRODUCT_NAME = "$(TARGET_NAME:c99extidentifier)";
				SKIP_INSTALL = YES;
				SUPPORTED_PLATFORMS = "iphoneos iphonesimulator";
				SUPPORTS_MACCATALYST = NO;
				SUPPORTS_MAC_DESIGNED_FOR_IPHONE_IPAD = NO;
				SWIFT_EMIT_LOC_STRINGS = YES;
				SWIFT_VERSION = 5.0;
				TARGETED_DEVICE_FAMILY = "1,2";
			};
			name = Debug;
		};
		DC501F332A1F5DEF004AD49D /* Release */ = {
			isa = XCBuildConfiguration;
			buildSettings = {
				CODE_SIGN_STYLE = Automatic;
				CURRENT_PROJECT_VERSION = 1;
				DEFINES_MODULE = YES;
				DEVELOPMENT_TEAM = 2RLYKMD3U8;
				DYLIB_COMPATIBILITY_VERSION = 1;
				DYLIB_CURRENT_VERSION = 1;
				DYLIB_INSTALL_NAME_BASE = "@rpath";
				GENERATE_INFOPLIST_FILE = YES;
				INFOPLIST_KEY_NSHumanReadableCopyright = "";
				INSTALL_PATH = "$(LOCAL_LIBRARY_DIR)/Frameworks";
				LD_RUNPATH_SEARCH_PATHS = (
					"$(inherited)",
					"@executable_path/Frameworks",
					"@loader_path/Frameworks",
				);
				MARKETING_VERSION = 1.0;
				PRODUCT_BUNDLE_IDENTIFIER = "qvik.paytrail-ios-sdk";
				PRODUCT_NAME = "$(TARGET_NAME:c99extidentifier)";
				SKIP_INSTALL = YES;
				SUPPORTED_PLATFORMS = "iphoneos iphonesimulator";
				SUPPORTS_MACCATALYST = NO;
				SUPPORTS_MAC_DESIGNED_FOR_IPHONE_IPAD = NO;
				SWIFT_EMIT_LOC_STRINGS = YES;
				SWIFT_VERSION = 5.0;
				TARGETED_DEVICE_FAMILY = "1,2";
			};
			name = Release;
		};
		DC501F352A1F5DEF004AD49D /* Debug */ = {
			isa = XCBuildConfiguration;
			buildSettings = {
				ALWAYS_EMBED_SWIFT_STANDARD_LIBRARIES = YES;
				CODE_SIGN_STYLE = Automatic;
				CURRENT_PROJECT_VERSION = 1;
				DEVELOPMENT_TEAM = 2RLYKMD3U8;
				GENERATE_INFOPLIST_FILE = YES;
				MARKETING_VERSION = 1.0;
				PRODUCT_BUNDLE_IDENTIFIER = "qvik.paytrail-ios-sdkTests";
				PRODUCT_NAME = "$(TARGET_NAME)";
				SWIFT_EMIT_LOC_STRINGS = NO;
				SWIFT_VERSION = 5.0;
				TARGETED_DEVICE_FAMILY = "1,2";
			};
			name = Debug;
		};
		DC501F362A1F5DEF004AD49D /* Release */ = {
			isa = XCBuildConfiguration;
			buildSettings = {
				ALWAYS_EMBED_SWIFT_STANDARD_LIBRARIES = YES;
				CODE_SIGN_STYLE = Automatic;
				CURRENT_PROJECT_VERSION = 1;
				DEVELOPMENT_TEAM = 2RLYKMD3U8;
				GENERATE_INFOPLIST_FILE = YES;
				MARKETING_VERSION = 1.0;
				PRODUCT_BUNDLE_IDENTIFIER = "qvik.paytrail-ios-sdkTests";
				PRODUCT_NAME = "$(TARGET_NAME)";
				SWIFT_EMIT_LOC_STRINGS = NO;
				SWIFT_VERSION = 5.0;
				TARGETED_DEVICE_FAMILY = "1,2";
			};
			name = Release;
		};
		DC501FB62A25FEE2004AD49D /* Debug */ = {
			isa = XCBuildConfiguration;
			buildSettings = {
				ASSETCATALOG_COMPILER_APPICON_NAME = AppIcon;
				ASSETCATALOG_COMPILER_GLOBAL_ACCENT_COLOR_NAME = AccentColor;
				CODE_SIGN_STYLE = Automatic;
				CURRENT_PROJECT_VERSION = 1;
				DEVELOPMENT_ASSET_PATHS = "\"PaytrailSdkExamples/Preview Content\"";
				DEVELOPMENT_TEAM = 2RLYKMD3U8;
				ENABLE_PREVIEWS = YES;
				GENERATE_INFOPLIST_FILE = YES;
				INFOPLIST_KEY_UIApplicationSceneManifest_Generation = YES;
				INFOPLIST_KEY_UIApplicationSupportsIndirectInputEvents = YES;
				INFOPLIST_KEY_UILaunchScreen_Generation = YES;
				INFOPLIST_KEY_UISupportedInterfaceOrientations_iPad = "UIInterfaceOrientationPortrait UIInterfaceOrientationPortraitUpsideDown UIInterfaceOrientationLandscapeLeft UIInterfaceOrientationLandscapeRight";
				INFOPLIST_KEY_UISupportedInterfaceOrientations_iPhone = "UIInterfaceOrientationPortrait UIInterfaceOrientationLandscapeLeft UIInterfaceOrientationLandscapeRight";
				LD_RUNPATH_SEARCH_PATHS = (
					"$(inherited)",
					"@executable_path/Frameworks",
				);
				MARKETING_VERSION = 1.0;
				PRODUCT_BUNDLE_IDENTIFIER = qvik.PaytrailSdkExamples;
				PRODUCT_NAME = "$(TARGET_NAME)";
				SWIFT_EMIT_LOC_STRINGS = YES;
				SWIFT_VERSION = 5.0;
				TARGETED_DEVICE_FAMILY = "1,2";
			};
			name = Debug;
		};
		DC501FB72A25FEE2004AD49D /* Release */ = {
			isa = XCBuildConfiguration;
			buildSettings = {
				ASSETCATALOG_COMPILER_APPICON_NAME = AppIcon;
				ASSETCATALOG_COMPILER_GLOBAL_ACCENT_COLOR_NAME = AccentColor;
				CODE_SIGN_STYLE = Automatic;
				CURRENT_PROJECT_VERSION = 1;
				DEVELOPMENT_ASSET_PATHS = "\"PaytrailSdkExamples/Preview Content\"";
				DEVELOPMENT_TEAM = 2RLYKMD3U8;
				ENABLE_PREVIEWS = YES;
				GENERATE_INFOPLIST_FILE = YES;
				INFOPLIST_KEY_UIApplicationSceneManifest_Generation = YES;
				INFOPLIST_KEY_UIApplicationSupportsIndirectInputEvents = YES;
				INFOPLIST_KEY_UILaunchScreen_Generation = YES;
				INFOPLIST_KEY_UISupportedInterfaceOrientations_iPad = "UIInterfaceOrientationPortrait UIInterfaceOrientationPortraitUpsideDown UIInterfaceOrientationLandscapeLeft UIInterfaceOrientationLandscapeRight";
				INFOPLIST_KEY_UISupportedInterfaceOrientations_iPhone = "UIInterfaceOrientationPortrait UIInterfaceOrientationLandscapeLeft UIInterfaceOrientationLandscapeRight";
				LD_RUNPATH_SEARCH_PATHS = (
					"$(inherited)",
					"@executable_path/Frameworks",
				);
				MARKETING_VERSION = 1.0;
				PRODUCT_BUNDLE_IDENTIFIER = qvik.PaytrailSdkExamples;
				PRODUCT_NAME = "$(TARGET_NAME)";
				SWIFT_EMIT_LOC_STRINGS = YES;
				SWIFT_VERSION = 5.0;
				TARGETED_DEVICE_FAMILY = "1,2";
			};
			name = Release;
		};
/* End XCBuildConfiguration section */

/* Begin XCConfigurationList section */
		DC501F172A1F5DEF004AD49D /* Build configuration list for PBXProject "paytrail-ios-sdk" */ = {
			isa = XCConfigurationList;
			buildConfigurations = (
				DC501F2F2A1F5DEF004AD49D /* Debug */,
				DC501F302A1F5DEF004AD49D /* Release */,
			);
			defaultConfigurationIsVisible = 0;
			defaultConfigurationName = Release;
		};
		DC501F312A1F5DEF004AD49D /* Build configuration list for PBXNativeTarget "paytrail-ios-sdk" */ = {
			isa = XCConfigurationList;
			buildConfigurations = (
				DC501F322A1F5DEF004AD49D /* Debug */,
				DC501F332A1F5DEF004AD49D /* Release */,
			);
			defaultConfigurationIsVisible = 0;
			defaultConfigurationName = Release;
		};
		DC501F342A1F5DEF004AD49D /* Build configuration list for PBXNativeTarget "paytrail-ios-sdkTests" */ = {
			isa = XCConfigurationList;
			buildConfigurations = (
				DC501F352A1F5DEF004AD49D /* Debug */,
				DC501F362A1F5DEF004AD49D /* Release */,
			);
			defaultConfigurationIsVisible = 0;
			defaultConfigurationName = Release;
		};
		DC501FB52A25FEE2004AD49D /* Build configuration list for PBXNativeTarget "PaytrailSdkExamples" */ = {
			isa = XCConfigurationList;
			buildConfigurations = (
				DC501FB62A25FEE2004AD49D /* Debug */,
				DC501FB72A25FEE2004AD49D /* Release */,
			);
			defaultConfigurationIsVisible = 0;
			defaultConfigurationName = Release;
		};
/* End XCConfigurationList section */

/* Begin XCRemoteSwiftPackageReference section */
		DC3689772A432E6700FB2D71 /* XCRemoteSwiftPackageReference "realm-swift" */ = {
			isa = XCRemoteSwiftPackageReference;
			repositoryURL = "https://github.com/realm/realm-swift.git";
			requirement = {
				branch = master;
				kind = branch;
			};
		};
/* End XCRemoteSwiftPackageReference section */

/* Begin XCSwiftPackageProductDependency section */
		DC3689782A432E6700FB2D71 /* RealmSwift */ = {
			isa = XCSwiftPackageProductDependency;
			package = DC3689772A432E6700FB2D71 /* XCRemoteSwiftPackageReference "realm-swift" */;
			productName = RealmSwift;
		};
		DC3689802A499B0400FB2D71 /* RealmSwift */ = {
			isa = XCSwiftPackageProductDependency;
			package = DC3689772A432E6700FB2D71 /* XCRemoteSwiftPackageReference "realm-swift" */;
			productName = RealmSwift;
		};
		DC3689822A499B0B00FB2D71 /* Realm */ = {
			isa = XCSwiftPackageProductDependency;
			package = DC3689772A432E6700FB2D71 /* XCRemoteSwiftPackageReference "realm-swift" */;
			productName = Realm;
		};
		DC3689842A499B5C00FB2D71 /* Realm */ = {
			isa = XCSwiftPackageProductDependency;
			package = DC3689772A432E6700FB2D71 /* XCRemoteSwiftPackageReference "realm-swift" */;
			productName = Realm;
		};
		DC3689862A499B5C00FB2D71 /* RealmSwift */ = {
			isa = XCSwiftPackageProductDependency;
			package = DC3689772A432E6700FB2D71 /* XCRemoteSwiftPackageReference "realm-swift" */;
			productName = RealmSwift;
		};
/* End XCSwiftPackageProductDependency section */
	};
	rootObject = DC501F142A1F5DEF004AD49D /* Project object */;
}
